// !$*UTF8*$!
{
	archiveVersion = 1;
	classes = {
	};
	objectVersion = 56;
	objects = {

/* Begin PBXBuildFile section */
		2E0ACDF32B93E42200318BF2 /* DailyPhysicalConditionList.swift in Sources */ = {isa = PBXBuildFile; fileRef = 2E0ACDF22B93E42200318BF2 /* DailyPhysicalConditionList.swift */; };
		2E0ACDF52B93E9EA00318BF2 /* DailyPhysicalConditionListViewModel.swift in Sources */ = {isa = PBXBuildFile; fileRef = 2E0ACDF42B93E9EA00318BF2 /* DailyPhysicalConditionListViewModel.swift */; };
		2E0ACDF82B947CD800318BF2 /* ActivityEditDestination.swift in Sources */ = {isa = PBXBuildFile; fileRef = 2E0ACDF72B947CD800318BF2 /* ActivityEditDestination.swift */; };
		2E0ACDFA2B947DB100318BF2 /* PhysicalConditionEditForm.swift in Sources */ = {isa = PBXBuildFile; fileRef = 2E0ACDF92B947DB100318BF2 /* PhysicalConditionEditForm.swift */; };
		2E0ACDFC2B9690F300318BF2 /* PhysicalConditionCreateForm.swift in Sources */ = {isa = PBXBuildFile; fileRef = 2E0ACDFB2B9690F300318BF2 /* PhysicalConditionCreateForm.swift */; };
		2E0ACDFF2B97E32B00318BF2 /* FormAction.swift in Sources */ = {isa = PBXBuildFile; fileRef = 2E0ACDFE2B97E32B00318BF2 /* FormAction.swift */; };
		2E0ACE012B97E4F200318BF2 /* ActivityListDestination.swift in Sources */ = {isa = PBXBuildFile; fileRef = 2E0ACE002B97E4F200318BF2 /* ActivityListDestination.swift */; };
		2E0C95BF2B69208A00576531 /* IntroductionView.swift in Sources */ = {isa = PBXBuildFile; fileRef = 2E0C95BE2B69208A00576531 /* IntroductionView.swift */; };
		2E0C95C22B6929E600576531 /* OnboardingContentView.swift in Sources */ = {isa = PBXBuildFile; fileRef = 2E0C95C12B6929E600576531 /* OnboardingContentView.swift */; };
		2E0C95C62B6A710700576531 /* OnboardingScreenView.swift in Sources */ = {isa = PBXBuildFile; fileRef = 2E0C95C52B6A710700576531 /* OnboardingScreenView.swift */; };
		2E0C95C82B6A723300576531 /* ReminderExplanationView.swift in Sources */ = {isa = PBXBuildFile; fileRef = 2E0C95C72B6A723300576531 /* ReminderExplanationView.swift */; };
		2E0C95CA2B6A73EF00576531 /* ReviewDescriptionView.swift in Sources */ = {isa = PBXBuildFile; fileRef = 2E0C95C92B6A73EF00576531 /* ReviewDescriptionView.swift */; };
		2E0C95CC2B6A7D2F00576531 /* HealthReviewDescriptionView.swift in Sources */ = {isa = PBXBuildFile; fileRef = 2E0C95CB2B6A7D2F00576531 /* HealthReviewDescriptionView.swift */; };
		2E0C95CE2B6A7E8000576531 /* WatchFeatureExplanationView.swift in Sources */ = {isa = PBXBuildFile; fileRef = 2E0C95CD2B6A7E8000576531 /* WatchFeatureExplanationView.swift */; };
		2E0C95D32B6B0D2B00576531 /* OnBoardingTab.swift in Sources */ = {isa = PBXBuildFile; fileRef = 2E0C95D22B6B0D2B00576531 /* OnBoardingTab.swift */; };
		2E0C95D72B6B0EBE00576531 /* AppColors.swift in Sources */ = {isa = PBXBuildFile; fileRef = 2E0C95D62B6B0EBE00576531 /* AppColors.swift */; };
		2E0C95DA2B6BC62D00576531 /* CommonButtonView.swift in Sources */ = {isa = PBXBuildFile; fileRef = 2E0C95D92B6BC62D00576531 /* CommonButtonView.swift */; };
		2E0DA41C2B8B2A73004E0185 /* GraphValue.swift in Sources */ = {isa = PBXBuildFile; fileRef = 2E0DA41B2B8B2A73004E0185 /* GraphValue.swift */; };
		2E0DA4212B8C0B1F004E0185 /* PhysicalConditionChartView.swift in Sources */ = {isa = PBXBuildFile; fileRef = 2E0DA4202B8C0B1F004E0185 /* PhysicalConditionChartView.swift */; };
		2E0DA4232B8CBD9C004E0185 /* TimeZoneType.swift in Sources */ = {isa = PBXBuildFile; fileRef = 2E0DA4222B8CBD9C004E0185 /* TimeZoneType.swift */; };
		2E0DA4252B8D5DC4004E0185 /* GraphDefinition.swift in Sources */ = {isa = PBXBuildFile; fileRef = 2E0DA4242B8D5DC4004E0185 /* GraphDefinition.swift */; };
		2E0DA4282B8E10EB004E0185 /* ChartXAxisModifier.swift in Sources */ = {isa = PBXBuildFile; fileRef = 2E0DA4272B8E10EB004E0185 /* ChartXAxisModifier.swift */; };
		2E0DA42A2B8E113D004E0185 /* PhysicalConditionChartYModifier.swift in Sources */ = {isa = PBXBuildFile; fileRef = 2E0DA4292B8E113D004E0185 /* PhysicalConditionChartYModifier.swift */; };
		2E61D0AB2BB238130087B895 /* HydrationEntryFormViewModel.swift in Sources */ = {isa = PBXBuildFile; fileRef = 2E61D0AA2BB238130087B895 /* HydrationEntryFormViewModel.swift */; };
		2E61D0AD2BB238C00087B895 /* Hydration.swift in Sources */ = {isa = PBXBuildFile; fileRef = 2E61D0AC2BB238C00087B895 /* Hydration.swift */; };
		2E61D0AF2BB2396A0087B895 /* HydrationDataSource.swift in Sources */ = {isa = PBXBuildFile; fileRef = 2E61D0AE2BB2396A0087B895 /* HydrationDataSource.swift */; };
		2E61D0B32BB23E8D0087B895 /* HydrationRating.swift in Sources */ = {isa = PBXBuildFile; fileRef = 2E61D0B22BB23E8D0087B895 /* HydrationRating.swift */; };
		2E61D0B52BB246B80087B895 /* HydrationCreateForm.swift in Sources */ = {isa = PBXBuildFile; fileRef = 2E61D0B42BB246B80087B895 /* HydrationCreateForm.swift */; };
		2E61D0B72BB2F26E0087B895 /* HydrationGraph.swift in Sources */ = {isa = PBXBuildFile; fileRef = 2E61D0B62BB2F26E0087B895 /* HydrationGraph.swift */; };
		2E61D0B92BB2F2820087B895 /* HydrationGraphViewModel.swift in Sources */ = {isa = PBXBuildFile; fileRef = 2E61D0B82BB2F2820087B895 /* HydrationGraphViewModel.swift */; };
		2E61D0BB2BB2F8D20087B895 /* GraphValueChartView.swift in Sources */ = {isa = PBXBuildFile; fileRef = 2E61D0BA2BB2F8D20087B895 /* GraphValueChartView.swift */; };
		2E61D0BD2BB302190087B895 /* HydrationChartYModifier.swift in Sources */ = {isa = PBXBuildFile; fileRef = 2E61D0BC2BB302190087B895 /* HydrationChartYModifier.swift */; };
		2E61D0BF2BB432520087B895 /* DailyHydrationList.swift in Sources */ = {isa = PBXBuildFile; fileRef = 2E61D0BE2BB432520087B895 /* DailyHydrationList.swift */; };
		2E61D0C12BB432CA0087B895 /* DailyHydrationListViewModel.swift in Sources */ = {isa = PBXBuildFile; fileRef = 2E61D0C02BB432CA0087B895 /* DailyHydrationListViewModel.swift */; };
		2E61D0C32BB446520087B895 /* HydrationEditForm.swift in Sources */ = {isa = PBXBuildFile; fileRef = 2E61D0C22BB446520087B895 /* HydrationEditForm.swift */; };
		2E631C6E2B896F0D00B35AAC /* PhysicalConditionGraph.swift in Sources */ = {isa = PBXBuildFile; fileRef = 2E631C6D2B896F0D00B35AAC /* PhysicalConditionGraph.swift */; };
		2E631C702B8972E800B35AAC /* PhysicalConditionGraphModel.swift in Sources */ = {isa = PBXBuildFile; fileRef = 2E631C6F2B8972E800B35AAC /* PhysicalConditionGraphModel.swift */; };
		2E631C732B8A180E00B35AAC /* Date+Extensions.swift in Sources */ = {isa = PBXBuildFile; fileRef = 2E631C722B8A180E00B35AAC /* Date+Extensions.swift */; };
		2E631C742B8A180E00B35AAC /* Date+Extensions.swift in Sources */ = {isa = PBXBuildFile; fileRef = 2E631C722B8A180E00B35AAC /* Date+Extensions.swift */; };
		2E6983652B9C728D0076EF4F /* WeekCondition.swift in Sources */ = {isa = PBXBuildFile; fileRef = 2E6983642B9C728D0076EF4F /* WeekCondition.swift */; };
		2E6983672B9C73720076EF4F /* WeekPhysicalConditionGraph.swift in Sources */ = {isa = PBXBuildFile; fileRef = 2E6983662B9C73720076EF4F /* WeekPhysicalConditionGraph.swift */; };
		2E6983692B9C73E80076EF4F /* WeekPhysicalConditionGraphViewModel.swift in Sources */ = {isa = PBXBuildFile; fileRef = 2E6983682B9C73E80076EF4F /* WeekPhysicalConditionGraphViewModel.swift */; };
		2E69836B2B9D554C0076EF4F /* WeekPhysicalConditionListView.swift in Sources */ = {isa = PBXBuildFile; fileRef = 2E69836A2B9D554C0076EF4F /* WeekPhysicalConditionListView.swift */; };
		2E69836D2B9D58BB0076EF4F /* WeekPhysicalConditionListViewModel.swift in Sources */ = {isa = PBXBuildFile; fileRef = 2E69836C2B9D58BB0076EF4F /* WeekPhysicalConditionListViewModel.swift */; };
		2E6983702B9DACC50076EF4F /* DateWithListValue.swift in Sources */ = {isa = PBXBuildFile; fileRef = 2E69836F2B9DACC50076EF4F /* DateWithListValue.swift */; };
		2E6983722B9E767D0076EF4F /* SelectedDatePhysicalConditionGraph.swift in Sources */ = {isa = PBXBuildFile; fileRef = 2E6983712B9E767D0076EF4F /* SelectedDatePhysicalConditionGraph.swift */; };
		2E6E640E2B7E37A300A11DB9 /* PhysicalConditionRating.swift in Sources */ = {isa = PBXBuildFile; fileRef = 2E6E640D2B7E37A300A11DB9 /* PhysicalConditionRating.swift */; };
		2E6E640F2B7E37A300A11DB9 /* PhysicalConditionRating.swift in Sources */ = {isa = PBXBuildFile; fileRef = 2E6E640D2B7E37A300A11DB9 /* PhysicalConditionRating.swift */; };
		2E6E64112B7EDEE900A11DB9 /* StyleConst.swift in Sources */ = {isa = PBXBuildFile; fileRef = 2E6E64102B7EDEE900A11DB9 /* StyleConst.swift */; };
		2E6E64122B7EDEE900A11DB9 /* StyleConst.swift in Sources */ = {isa = PBXBuildFile; fileRef = 2E6E64102B7EDEE900A11DB9 /* StyleConst.swift */; };
		2E6E64152B80460500A11DB9 /* PhysicalConditionEntryFormViewModel.swift in Sources */ = {isa = PBXBuildFile; fileRef = 2E6E64142B80460400A11DB9 /* PhysicalConditionEntryFormViewModel.swift */; };
		2E6FE20C2BA26D2700541819 /* NotificationPermissionView.swift in Sources */ = {isa = PBXBuildFile; fileRef = 2E6FE20B2BA26D2700541819 /* NotificationPermissionView.swift */; };
		2E6FE20F2BA26F9000541819 /* NotificationPermissionViewModel.swift in Sources */ = {isa = PBXBuildFile; fileRef = 2E6FE20E2BA26F9000541819 /* NotificationPermissionViewModel.swift */; };
		2E6FE2122BA2750100541819 /* AppDelegate.swift in Sources */ = {isa = PBXBuildFile; fileRef = 2E6FE2112BA2750100541819 /* AppDelegate.swift */; };
		2E868AB22BB59D5A00681E6B /* WeekHydrationGraph.swift in Sources */ = {isa = PBXBuildFile; fileRef = 2E868AB12BB59D5A00681E6B /* WeekHydrationGraph.swift */; };
		2E868AB42BB59D6B00681E6B /* WeekHydrationGraphViewModel.swift in Sources */ = {isa = PBXBuildFile; fileRef = 2E868AB32BB59D6B00681E6B /* WeekHydrationGraphViewModel.swift */; };
		2E868AB62BB6332700681E6B /* WeekHydrationListView.swift in Sources */ = {isa = PBXBuildFile; fileRef = 2E868AB52BB6332700681E6B /* WeekHydrationListView.swift */; };
		2E868AB82BB6336800681E6B /* WeekHydrationListViewModel.swift in Sources */ = {isa = PBXBuildFile; fileRef = 2E868AB72BB6336800681E6B /* WeekHydrationListViewModel.swift */; };
		2E868ABA2BB6372500681E6B /* SelectedDateHydrationGraph.swift in Sources */ = {isa = PBXBuildFile; fileRef = 2E868AB92BB6372500681E6B /* SelectedDateHydrationGraph.swift */; };
		2E8C66D12B81DF2300280A17 /* PhysicalCondition.swift in Sources */ = {isa = PBXBuildFile; fileRef = 2E8C66D02B81DF2300280A17 /* PhysicalCondition.swift */; };
		2E8C66DB2B856F9100280A17 /* StyledTextEditor.swift in Sources */ = {isa = PBXBuildFile; fileRef = 2E8C66DA2B856F9100280A17 /* StyledTextEditor.swift */; };
		2E8FBEC32BA520BA0082B3E1 /* ConditionScreenNavigationRouter.swift in Sources */ = {isa = PBXBuildFile; fileRef = 2E8FBEC22BA520BA0082B3E1 /* ConditionScreenNavigationRouter.swift */; };
		2E8FBEC62BA676C60082B3E1 /* NotificationSettingScreen.swift in Sources */ = {isa = PBXBuildFile; fileRef = 2E8FBEC52BA676C60082B3E1 /* NotificationSettingScreen.swift */; };
		2E8FBEC82BA679D20082B3E1 /* NotificationSettingNavigationRouter.swift in Sources */ = {isa = PBXBuildFile; fileRef = 2E8FBEC72BA679D20082B3E1 /* NotificationSettingNavigationRouter.swift */; };
		2E8FBECB2BA67BF20082B3E1 /* NotificationSettingEndView.swift in Sources */ = {isa = PBXBuildFile; fileRef = 2E8FBECA2BA67BF20082B3E1 /* NotificationSettingEndView.swift */; };
		2E8FBECD2BA67D680082B3E1 /* PhysicalConditionReminderView.swift in Sources */ = {isa = PBXBuildFile; fileRef = 2E8FBECC2BA67D680082B3E1 /* PhysicalConditionReminderView.swift */; };
		2E8FBECF2BA67EBE0082B3E1 /* PhysicalConditionReminderViewModel.swift in Sources */ = {isa = PBXBuildFile; fileRef = 2E8FBECE2BA67EBE0082B3E1 /* PhysicalConditionReminderViewModel.swift */; };
		2E8FBED12BA680FC0082B3E1 /* NotificationSettingEndViewModel.swift in Sources */ = {isa = PBXBuildFile; fileRef = 2E8FBED02BA680FC0082B3E1 /* NotificationSettingEndViewModel.swift */; };
		2E8FBED32BA6E6AA0082B3E1 /* PhysicalConditionReminder.swift in Sources */ = {isa = PBXBuildFile; fileRef = 2E8FBED22BA6E6AA0082B3E1 /* PhysicalConditionReminder.swift */; };
		2E8FBED62BA6E7CD0082B3E1 /* DateArrayTransformer.swift in Sources */ = {isa = PBXBuildFile; fileRef = 2E8FBED52BA6E7CD0082B3E1 /* DateArrayTransformer.swift */; };
		2E8FBED82BA6ED940082B3E1 /* PhysicalConditionReminderDataSource.swift in Sources */ = {isa = PBXBuildFile; fileRef = 2E8FBED72BA6ED940082B3E1 /* PhysicalConditionReminderDataSource.swift */; };
		2E8FBEDB2BA7B2E80082B3E1 /* ReminderTab.swift in Sources */ = {isa = PBXBuildFile; fileRef = 2E8FBEDA2BA7B2E80082B3E1 /* ReminderTab.swift */; };
		2E8FBEDE2BA86E660082B3E1 /* IntervalTimeSelectView.swift in Sources */ = {isa = PBXBuildFile; fileRef = 2E8FBEDD2BA86E660082B3E1 /* IntervalTimeSelectView.swift */; };
		2E8FBEE02BA86E9D0082B3E1 /* ScheduleTimeSelectView.swift in Sources */ = {isa = PBXBuildFile; fileRef = 2E8FBEDF2BA86E9D0082B3E1 /* ScheduleTimeSelectView.swift */; };
		2E8FBEE32BA86ED00082B3E1 /* TimeSelection.swift in Sources */ = {isa = PBXBuildFile; fileRef = 2E8FBEE22BA86ED00082B3E1 /* TimeSelection.swift */; };
		2E8FBEE72BA86F630082B3E1 /* TimePicker.swift in Sources */ = {isa = PBXBuildFile; fileRef = 2E8FBEE62BA86F630082B3E1 /* TimePicker.swift */; };
		2E8FBEE92BAA78390082B3E1 /* ReminderType.swift in Sources */ = {isa = PBXBuildFile; fileRef = 2E8FBEE82BAA78390082B3E1 /* ReminderType.swift */; };
		2E8FBEEC2BAA78F70082B3E1 /* TabTitleConvertible.swift in Sources */ = {isa = PBXBuildFile; fileRef = 2E8FBEEB2BAA78F70082B3E1 /* TabTitleConvertible.swift */; };
		2E8FBEEF2BAA79300082B3E1 /* ConditionTab+Extensions.swift in Sources */ = {isa = PBXBuildFile; fileRef = 2E8FBEEE2BAA79300082B3E1 /* ConditionTab+Extensions.swift */; };
		2E8FBEF22BAA7A850082B3E1 /* ReminderTab+Extensions.swift in Sources */ = {isa = PBXBuildFile; fileRef = 2E8FBEF12BAA7A850082B3E1 /* ReminderTab+Extensions.swift */; };
		2E8FBEF42BAA7CD20082B3E1 /* NotificationSettingNavigationItem.swift in Sources */ = {isa = PBXBuildFile; fileRef = 2E8FBEF32BAA7CD20082B3E1 /* NotificationSettingNavigationItem.swift */; };
		2E8FBEF62BAA8A310082B3E1 /* ModelManager.swift in Sources */ = {isa = PBXBuildFile; fileRef = 2E8FBEF52BAA8A310082B3E1 /* ModelManager.swift */; };
		2EAD063E2B9BEFBE00FBCC21 /* PhysicalConditionDataSourceProtocol.swift in Sources */ = {isa = PBXBuildFile; fileRef = 2EAD063D2B9BEFBE00FBCC21 /* PhysicalConditionDataSourceProtocol.swift */; };
		2EAD06402B9BF01D00FBCC21 /* PhysicalConditionDataSource+Extension.swift in Sources */ = {isa = PBXBuildFile; fileRef = 2EAD063F2B9BF01D00FBCC21 /* PhysicalConditionDataSource+Extension.swift */; };
		2EB941F02BAC59DF00F3B0D2 /* Profile.swift in Sources */ = {isa = PBXBuildFile; fileRef = 2EB941EF2BAC59DF00F3B0D2 /* Profile.swift */; };
		2EB941F22BAC5C2E00F3B0D2 /* ProfileDataSource.swift in Sources */ = {isa = PBXBuildFile; fileRef = 2EB941F12BAC5C2E00F3B0D2 /* ProfileDataSource.swift */; };
		2EB941F62BACF1AC00F3B0D2 /* ProfileScreen.swift in Sources */ = {isa = PBXBuildFile; fileRef = 2EB941F52BACF1AC00F3B0D2 /* ProfileScreen.swift */; };
		2EB941F82BACF1BA00F3B0D2 /* ProfileScreenViewModel.swift in Sources */ = {isa = PBXBuildFile; fileRef = 2EB941F72BACF1BA00F3B0D2 /* ProfileScreenViewModel.swift */; };
		2EB941FB2BACF54300F3B0D2 /* NicknameInputView.swift in Sources */ = {isa = PBXBuildFile; fileRef = 2EB941FA2BACF54300F3B0D2 /* NicknameInputView.swift */; };
		2EB941FD2BACF73300F3B0D2 /* ProfileNavigationRouter.swift in Sources */ = {isa = PBXBuildFile; fileRef = 2EB941FC2BACF73300F3B0D2 /* ProfileNavigationRouter.swift */; };
		2EB941FF2BADA8C500F3B0D2 /* NicknameInputViewModel.swift in Sources */ = {isa = PBXBuildFile; fileRef = 2EB941FE2BADA8C500F3B0D2 /* NicknameInputViewModel.swift */; };
		2EB942012BADAA2300F3B0D2 /* WorkDaySelectView.swift in Sources */ = {isa = PBXBuildFile; fileRef = 2EB942002BADAA2300F3B0D2 /* WorkDaySelectView.swift */; };
		2EB942032BAE7DEB00F3B0D2 /* WorkDaySelectViewModel.swift in Sources */ = {isa = PBXBuildFile; fileRef = 2EB942022BAE7DEB00F3B0D2 /* WorkDaySelectViewModel.swift */; };
		2EB942052BAEBF2500F3B0D2 /* WorkTimeInputView.swift in Sources */ = {isa = PBXBuildFile; fileRef = 2EB942042BAEBF2500F3B0D2 /* WorkTimeInputView.swift */; };
		2EB942072BAEC9D700F3B0D2 /* WorkTimeInputViewModel.swift in Sources */ = {isa = PBXBuildFile; fileRef = 2EB942062BAEC9D700F3B0D2 /* WorkTimeInputViewModel.swift */; };
		2EB942092BAECC9200F3B0D2 /* RestTimeInputView.swift in Sources */ = {isa = PBXBuildFile; fileRef = 2EB942082BAECC9200F3B0D2 /* RestTimeInputView.swift */; };
		2EB9420B2BAED68C00F3B0D2 /* RestTimeInputViewModel.swift in Sources */ = {isa = PBXBuildFile; fileRef = 2EB9420A2BAED68C00F3B0D2 /* RestTimeInputViewModel.swift */; };
		2EB9420D2BAEDF9F00F3B0D2 /* GoalSettingInputView.swift in Sources */ = {isa = PBXBuildFile; fileRef = 2EB9420C2BAEDF9F00F3B0D2 /* GoalSettingInputView.swift */; };
		2EB9420F2BAF055C00F3B0D2 /* GoalSettingInputViewModel.swift in Sources */ = {isa = PBXBuildFile; fileRef = 2EB9420E2BAF055C00F3B0D2 /* GoalSettingInputViewModel.swift */; };
		2EB942122BAFB8A000F3B0D2 /* RestTimePeriodSection.swift in Sources */ = {isa = PBXBuildFile; fileRef = 2EB942112BAFB8A000F3B0D2 /* RestTimePeriodSection.swift */; };
		2EB942142BAFB8E300F3B0D2 /* DayOfWeek.swift in Sources */ = {isa = PBXBuildFile; fileRef = 2EB942132BAFB8E300F3B0D2 /* DayOfWeek.swift */; };
		2EB942162BAFB97E00F3B0D2 /* WorkDay.swift in Sources */ = {isa = PBXBuildFile; fileRef = 2EB942152BAFB97E00F3B0D2 /* WorkDay.swift */; };
		2EB942182BAFC19400F3B0D2 /* RestTimePeriod.swift in Sources */ = {isa = PBXBuildFile; fileRef = 2EB942172BAFC19400F3B0D2 /* RestTimePeriod.swift */; };
		2EB9421B2BAFC85200F3B0D2 /* FormBaseViewModel.swift in Sources */ = {isa = PBXBuildFile; fileRef = 2EB9421A2BAFC85200F3B0D2 /* FormBaseViewModel.swift */; };
		2EB9421D2BB01F6400F3B0D2 /* TextInput.swift in Sources */ = {isa = PBXBuildFile; fileRef = 2EB9421C2BB01F6400F3B0D2 /* TextInput.swift */; };
		2EB9421F2BB0259300F3B0D2 /* TimeSelectionListView.swift in Sources */ = {isa = PBXBuildFile; fileRef = 2EB9421E2BB0259300F3B0D2 /* TimeSelectionListView.swift */; };
		2EB942212BB02A2B00F3B0D2 /* TimeSelectable.swift in Sources */ = {isa = PBXBuildFile; fileRef = 2EB942202BB02A2B00F3B0D2 /* TimeSelectable.swift */; };
		2EB942242BB0500B00F3B0D2 /* TitleView.swift in Sources */ = {isa = PBXBuildFile; fileRef = 2EB942232BB0500B00F3B0D2 /* TitleView.swift */; };
		2EB942272BB0512200F3B0D2 /* CommonPaddingModifier.swift in Sources */ = {isa = PBXBuildFile; fileRef = 2EB942262BB0512200F3B0D2 /* CommonPaddingModifier.swift */; };
		2EB942292BB0522300F3B0D2 /* CommonLayoutView.swift in Sources */ = {isa = PBXBuildFile; fileRef = 2EB942282BB0522300F3B0D2 /* CommonLayoutView.swift */; };
		2EBD2D362B608BDC0063EC7A /* RemoteWellnessSupportApp.swift in Sources */ = {isa = PBXBuildFile; fileRef = 2EBD2D352B608BDC0063EC7A /* RemoteWellnessSupportApp.swift */; };
		2EBD2D3A2B608BDF0063EC7A /* Assets.xcassets in Resources */ = {isa = PBXBuildFile; fileRef = 2EBD2D392B608BDF0063EC7A /* Assets.xcassets */; };
		2EBD2D3D2B608BDF0063EC7A /* Preview Assets.xcassets in Resources */ = {isa = PBXBuildFile; fileRef = 2EBD2D3C2B608BDF0063EC7A /* Preview Assets.xcassets */; };
		2EBD2D432B608BDF0063EC7A /* RemoteWellnessSupportApp Watch App.app in Embed Watch Content */ = {isa = PBXBuildFile; fileRef = 2EBD2D422B608BDF0063EC7A /* RemoteWellnessSupportApp Watch App.app */; settings = {ATTRIBUTES = (RemoveHeadersOnCopy, ); }; };
		2EBD2D482B608BDF0063EC7A /* RemoteWellnessSupportApp.swift in Sources */ = {isa = PBXBuildFile; fileRef = 2EBD2D472B608BDF0063EC7A /* RemoteWellnessSupportApp.swift */; };
		2EBD2D4A2B608BDF0063EC7A /* ContentView.swift in Sources */ = {isa = PBXBuildFile; fileRef = 2EBD2D492B608BDF0063EC7A /* ContentView.swift */; };
		2EBD2D4C2B608BE10063EC7A /* Assets.xcassets in Resources */ = {isa = PBXBuildFile; fileRef = 2EBD2D4B2B608BE10063EC7A /* Assets.xcassets */; };
		2EBD2D4F2B608BE10063EC7A /* Preview Assets.xcassets in Resources */ = {isa = PBXBuildFile; fileRef = 2EBD2D4E2B608BE10063EC7A /* Preview Assets.xcassets */; };
		2ED957C82B86BED1007663AA /* SelectorView.swift in Sources */ = {isa = PBXBuildFile; fileRef = 2ED957C72B86BED1007663AA /* SelectorView.swift */; };
		2ED957CB2B86BEF8007663AA /* SelectableItem.swift in Sources */ = {isa = PBXBuildFile; fileRef = 2ED957CA2B86BEF8007663AA /* SelectableItem.swift */; };
		2ED957CC2B86C7EC007663AA /* SelectableItem.swift in Sources */ = {isa = PBXBuildFile; fileRef = 2ED957CA2B86BEF8007663AA /* SelectableItem.swift */; };
		2ED957CE2B86D7D1007663AA /* ErrorAlertModifier.swift in Sources */ = {isa = PBXBuildFile; fileRef = 2ED957CD2B86D7D1007663AA /* ErrorAlertModifier.swift */; };
		2ED957D12B883D8B007663AA /* PhysicalConditionDataSource.swift in Sources */ = {isa = PBXBuildFile; fileRef = 2ED957D02B883D8B007663AA /* PhysicalConditionDataSource.swift */; };
		2EE812C02B790137000B65E5 /* RootView.swift in Sources */ = {isa = PBXBuildFile; fileRef = 2EE812BE2B790137000B65E5 /* RootView.swift */; };
		2EE812C12B790137000B65E5 /* MainView.swift in Sources */ = {isa = PBXBuildFile; fileRef = 2EE812BF2B790137000B65E5 /* MainView.swift */; };
		2EE812C82B79016D000B65E5 /* ConditionScreen.swift in Sources */ = {isa = PBXBuildFile; fileRef = 2EE812C42B79016D000B65E5 /* ConditionScreen.swift */; };
		2EE812C92B79016D000B65E5 /* TabButton.swift in Sources */ = {isa = PBXBuildFile; fileRef = 2EE812C62B79016D000B65E5 /* TabButton.swift */; };
		2EE812CA2B79016D000B65E5 /* TodayCondition.swift in Sources */ = {isa = PBXBuildFile; fileRef = 2EE812C72B79016D000B65E5 /* TodayCondition.swift */; };
		2EE812D82B79904E000B65E5 /* HydrationEntryForm.swift in Sources */ = {isa = PBXBuildFile; fileRef = 2EE812CE2B79904E000B65E5 /* HydrationEntryForm.swift */; };
		2EE812D92B79904E000B65E5 /* PhysicalConditionEntryForm.swift in Sources */ = {isa = PBXBuildFile; fileRef = 2EE812D12B79904E000B65E5 /* PhysicalConditionEntryForm.swift */; };
		2EE812DA2B79904E000B65E5 /* StepEntryForm.swift in Sources */ = {isa = PBXBuildFile; fileRef = 2EE812D42B79904E000B65E5 /* StepEntryForm.swift */; };
		2EE812DB2B79904E000B65E5 /* ReviewEntryForm.swift in Sources */ = {isa = PBXBuildFile; fileRef = 2EE812D72B79904E000B65E5 /* ReviewEntryForm.swift */; };
		2EE812E02B799E24000B65E5 /* MainTabConst.swift in Sources */ = {isa = PBXBuildFile; fileRef = 2EE812DF2B799E24000B65E5 /* MainTabConst.swift */; };
		2EE812E32B79A068000B65E5 /* ConditionTab.swift in Sources */ = {isa = PBXBuildFile; fileRef = 2EE812E22B79A068000B65E5 /* ConditionTab.swift */; };
		2EE812E52B79A4A0000B65E5 /* ConditionNavigationLink.swift in Sources */ = {isa = PBXBuildFile; fileRef = 2EE812E42B79A4A0000B65E5 /* ConditionNavigationLink.swift */; };
		2EE812E72B79A6F0000B65E5 /* ActivityEntryNavigationLink.swift in Sources */ = {isa = PBXBuildFile; fileRef = 2EE812E62B79A6F0000B65E5 /* ActivityEntryNavigationLink.swift */; };
		2EE812E92B79ABBC000B65E5 /* PlusButton.swift in Sources */ = {isa = PBXBuildFile; fileRef = 2EE812E82B79ABBC000B65E5 /* PlusButton.swift */; };
		2EE812EC2B7A243C000B65E5 /* ActivityEntryAreaViewModel.swift in Sources */ = {isa = PBXBuildFile; fileRef = 2EE812EB2B7A243C000B65E5 /* ActivityEntryAreaViewModel.swift */; };
		2EE812EE2B7ADE9E000B65E5 /* ActivityEntryArea.swift in Sources */ = {isa = PBXBuildFile; fileRef = 2EE812ED2B7ADE9E000B65E5 /* ActivityEntryArea.swift */; };
		2EFAC4C32BC15C6100B822BD /* BaseSelectedDateGraphViewModel.swift in Sources */ = {isa = PBXBuildFile; fileRef = 2EFAC4C22BC15C6100B822BD /* BaseSelectedDateGraphViewModel.swift */; };
		2EFAC4C52BC22D9E00B822BD /* SwiftDataError.swift in Sources */ = {isa = PBXBuildFile; fileRef = 2EFAC4C42BC22D9E00B822BD /* SwiftDataError.swift */; };
		2EFAC4C72BC22F9700B822BD /* DateError.swift in Sources */ = {isa = PBXBuildFile; fileRef = 2EFAC4C62BC22F9700B822BD /* DateError.swift */; };
		2EFD01862B71A254003020C6 /* WatchFeatureExplanationViewModel.swift in Sources */ = {isa = PBXBuildFile; fileRef = 2EFD01852B71A254003020C6 /* WatchFeatureExplanationViewModel.swift */; };
		2EFD01892B71A721003020C6 /* Const.swift in Sources */ = {isa = PBXBuildFile; fileRef = 2EFD01882B71A721003020C6 /* Const.swift */; };
/* End PBXBuildFile section */

/* Begin PBXContainerItemProxy section */
		2EBD2D442B608BDF0063EC7A /* PBXContainerItemProxy */ = {
			isa = PBXContainerItemProxy;
			containerPortal = 2EBD2D2A2B608BDC0063EC7A /* Project object */;
			proxyType = 1;
			remoteGlobalIDString = 2EBD2D412B608BDF0063EC7A;
			remoteInfo = "RemoteWellnessSupportApp Watch App";
		};
/* End PBXContainerItemProxy section */

/* Begin PBXCopyFilesBuildPhase section */
		2EBD2D552B608BE10063EC7A /* Embed Watch Content */ = {
			isa = PBXCopyFilesBuildPhase;
			buildActionMask = 2147483647;
			dstPath = "$(CONTENTS_FOLDER_PATH)/Watch";
			dstSubfolderSpec = 16;
			files = (
				2EBD2D432B608BDF0063EC7A /* RemoteWellnessSupportApp Watch App.app in Embed Watch Content */,
			);
			name = "Embed Watch Content";
			runOnlyForDeploymentPostprocessing = 0;
		};
/* End PBXCopyFilesBuildPhase section */

/* Begin PBXFileReference section */
		2E0ACDF22B93E42200318BF2 /* DailyPhysicalConditionList.swift */ = {isa = PBXFileReference; lastKnownFileType = sourcecode.swift; path = DailyPhysicalConditionList.swift; sourceTree = "<group>"; };
		2E0ACDF42B93E9EA00318BF2 /* DailyPhysicalConditionListViewModel.swift */ = {isa = PBXFileReference; lastKnownFileType = sourcecode.swift; path = DailyPhysicalConditionListViewModel.swift; sourceTree = "<group>"; };
		2E0ACDF72B947CD800318BF2 /* ActivityEditDestination.swift */ = {isa = PBXFileReference; lastKnownFileType = sourcecode.swift; path = ActivityEditDestination.swift; sourceTree = "<group>"; };
		2E0ACDF92B947DB100318BF2 /* PhysicalConditionEditForm.swift */ = {isa = PBXFileReference; lastKnownFileType = sourcecode.swift; path = PhysicalConditionEditForm.swift; sourceTree = "<group>"; };
		2E0ACDFB2B9690F300318BF2 /* PhysicalConditionCreateForm.swift */ = {isa = PBXFileReference; lastKnownFileType = sourcecode.swift; path = PhysicalConditionCreateForm.swift; sourceTree = "<group>"; };
		2E0ACDFE2B97E32B00318BF2 /* FormAction.swift */ = {isa = PBXFileReference; lastKnownFileType = sourcecode.swift; path = FormAction.swift; sourceTree = "<group>"; };
		2E0ACE002B97E4F200318BF2 /* ActivityListDestination.swift */ = {isa = PBXFileReference; lastKnownFileType = sourcecode.swift; path = ActivityListDestination.swift; sourceTree = "<group>"; };
		2E0C95BE2B69208A00576531 /* IntroductionView.swift */ = {isa = PBXFileReference; lastKnownFileType = sourcecode.swift; path = IntroductionView.swift; sourceTree = "<group>"; };
		2E0C95C12B6929E600576531 /* OnboardingContentView.swift */ = {isa = PBXFileReference; lastKnownFileType = sourcecode.swift; path = OnboardingContentView.swift; sourceTree = "<group>"; };
		2E0C95C52B6A710700576531 /* OnboardingScreenView.swift */ = {isa = PBXFileReference; lastKnownFileType = sourcecode.swift; path = OnboardingScreenView.swift; sourceTree = "<group>"; };
		2E0C95C72B6A723300576531 /* ReminderExplanationView.swift */ = {isa = PBXFileReference; lastKnownFileType = sourcecode.swift; path = ReminderExplanationView.swift; sourceTree = "<group>"; };
		2E0C95C92B6A73EF00576531 /* ReviewDescriptionView.swift */ = {isa = PBXFileReference; lastKnownFileType = sourcecode.swift; path = ReviewDescriptionView.swift; sourceTree = "<group>"; };
		2E0C95CB2B6A7D2F00576531 /* HealthReviewDescriptionView.swift */ = {isa = PBXFileReference; lastKnownFileType = sourcecode.swift; path = HealthReviewDescriptionView.swift; sourceTree = "<group>"; };
		2E0C95CD2B6A7E8000576531 /* WatchFeatureExplanationView.swift */ = {isa = PBXFileReference; lastKnownFileType = sourcecode.swift; path = WatchFeatureExplanationView.swift; sourceTree = "<group>"; };
		2E0C95D22B6B0D2B00576531 /* OnBoardingTab.swift */ = {isa = PBXFileReference; lastKnownFileType = sourcecode.swift; path = OnBoardingTab.swift; sourceTree = "<group>"; };
		2E0C95D62B6B0EBE00576531 /* AppColors.swift */ = {isa = PBXFileReference; lastKnownFileType = sourcecode.swift; path = AppColors.swift; sourceTree = "<group>"; };
		2E0C95D92B6BC62D00576531 /* CommonButtonView.swift */ = {isa = PBXFileReference; lastKnownFileType = sourcecode.swift; path = CommonButtonView.swift; sourceTree = "<group>"; };
		2E0DA41B2B8B2A73004E0185 /* GraphValue.swift */ = {isa = PBXFileReference; lastKnownFileType = sourcecode.swift; path = GraphValue.swift; sourceTree = "<group>"; };
		2E0DA4202B8C0B1F004E0185 /* PhysicalConditionChartView.swift */ = {isa = PBXFileReference; lastKnownFileType = sourcecode.swift; path = PhysicalConditionChartView.swift; sourceTree = "<group>"; };
		2E0DA4222B8CBD9C004E0185 /* TimeZoneType.swift */ = {isa = PBXFileReference; lastKnownFileType = sourcecode.swift; path = TimeZoneType.swift; sourceTree = "<group>"; };
		2E0DA4242B8D5DC4004E0185 /* GraphDefinition.swift */ = {isa = PBXFileReference; lastKnownFileType = sourcecode.swift; path = GraphDefinition.swift; sourceTree = "<group>"; };
		2E0DA4272B8E10EB004E0185 /* ChartXAxisModifier.swift */ = {isa = PBXFileReference; lastKnownFileType = sourcecode.swift; path = ChartXAxisModifier.swift; sourceTree = "<group>"; };
		2E0DA4292B8E113D004E0185 /* PhysicalConditionChartYModifier.swift */ = {isa = PBXFileReference; lastKnownFileType = sourcecode.swift; path = PhysicalConditionChartYModifier.swift; sourceTree = "<group>"; };
		2E61D0AA2BB238130087B895 /* HydrationEntryFormViewModel.swift */ = {isa = PBXFileReference; lastKnownFileType = sourcecode.swift; path = HydrationEntryFormViewModel.swift; sourceTree = "<group>"; };
		2E61D0AC2BB238C00087B895 /* Hydration.swift */ = {isa = PBXFileReference; lastKnownFileType = sourcecode.swift; path = Hydration.swift; sourceTree = "<group>"; };
		2E61D0AE2BB2396A0087B895 /* HydrationDataSource.swift */ = {isa = PBXFileReference; lastKnownFileType = sourcecode.swift; path = HydrationDataSource.swift; sourceTree = "<group>"; };
		2E61D0B22BB23E8D0087B895 /* HydrationRating.swift */ = {isa = PBXFileReference; lastKnownFileType = sourcecode.swift; path = HydrationRating.swift; sourceTree = "<group>"; };
		2E61D0B42BB246B80087B895 /* HydrationCreateForm.swift */ = {isa = PBXFileReference; lastKnownFileType = sourcecode.swift; path = HydrationCreateForm.swift; sourceTree = "<group>"; };
		2E61D0B62BB2F26E0087B895 /* HydrationGraph.swift */ = {isa = PBXFileReference; lastKnownFileType = sourcecode.swift; path = HydrationGraph.swift; sourceTree = "<group>"; };
		2E61D0B82BB2F2820087B895 /* HydrationGraphViewModel.swift */ = {isa = PBXFileReference; lastKnownFileType = sourcecode.swift; path = HydrationGraphViewModel.swift; sourceTree = "<group>"; };
		2E61D0BA2BB2F8D20087B895 /* GraphValueChartView.swift */ = {isa = PBXFileReference; lastKnownFileType = sourcecode.swift; path = GraphValueChartView.swift; sourceTree = "<group>"; };
		2E61D0BC2BB302190087B895 /* HydrationChartYModifier.swift */ = {isa = PBXFileReference; lastKnownFileType = sourcecode.swift; path = HydrationChartYModifier.swift; sourceTree = "<group>"; };
		2E61D0BE2BB432520087B895 /* DailyHydrationList.swift */ = {isa = PBXFileReference; lastKnownFileType = sourcecode.swift; path = DailyHydrationList.swift; sourceTree = "<group>"; };
		2E61D0C02BB432CA0087B895 /* DailyHydrationListViewModel.swift */ = {isa = PBXFileReference; lastKnownFileType = sourcecode.swift; path = DailyHydrationListViewModel.swift; sourceTree = "<group>"; };
		2E61D0C22BB446520087B895 /* HydrationEditForm.swift */ = {isa = PBXFileReference; lastKnownFileType = sourcecode.swift; path = HydrationEditForm.swift; sourceTree = "<group>"; };
		2E631C6D2B896F0D00B35AAC /* PhysicalConditionGraph.swift */ = {isa = PBXFileReference; lastKnownFileType = sourcecode.swift; path = PhysicalConditionGraph.swift; sourceTree = "<group>"; };
		2E631C6F2B8972E800B35AAC /* PhysicalConditionGraphModel.swift */ = {isa = PBXFileReference; lastKnownFileType = sourcecode.swift; path = PhysicalConditionGraphModel.swift; sourceTree = "<group>"; };
		2E631C722B8A180E00B35AAC /* Date+Extensions.swift */ = {isa = PBXFileReference; lastKnownFileType = sourcecode.swift; path = "Date+Extensions.swift"; sourceTree = "<group>"; };
		2E6983642B9C728D0076EF4F /* WeekCondition.swift */ = {isa = PBXFileReference; lastKnownFileType = sourcecode.swift; path = WeekCondition.swift; sourceTree = "<group>"; };
		2E6983662B9C73720076EF4F /* WeekPhysicalConditionGraph.swift */ = {isa = PBXFileReference; lastKnownFileType = sourcecode.swift; path = WeekPhysicalConditionGraph.swift; sourceTree = "<group>"; };
		2E6983682B9C73E80076EF4F /* WeekPhysicalConditionGraphViewModel.swift */ = {isa = PBXFileReference; lastKnownFileType = sourcecode.swift; path = WeekPhysicalConditionGraphViewModel.swift; sourceTree = "<group>"; };
		2E69836A2B9D554C0076EF4F /* WeekPhysicalConditionListView.swift */ = {isa = PBXFileReference; lastKnownFileType = sourcecode.swift; path = WeekPhysicalConditionListView.swift; sourceTree = "<group>"; };
		2E69836C2B9D58BB0076EF4F /* WeekPhysicalConditionListViewModel.swift */ = {isa = PBXFileReference; lastKnownFileType = sourcecode.swift; path = WeekPhysicalConditionListViewModel.swift; sourceTree = "<group>"; };
		2E69836F2B9DACC50076EF4F /* DateWithListValue.swift */ = {isa = PBXFileReference; lastKnownFileType = sourcecode.swift; path = DateWithListValue.swift; sourceTree = "<group>"; };
		2E6983712B9E767D0076EF4F /* SelectedDatePhysicalConditionGraph.swift */ = {isa = PBXFileReference; lastKnownFileType = sourcecode.swift; path = SelectedDatePhysicalConditionGraph.swift; sourceTree = "<group>"; };
		2E6E640D2B7E37A300A11DB9 /* PhysicalConditionRating.swift */ = {isa = PBXFileReference; lastKnownFileType = sourcecode.swift; path = PhysicalConditionRating.swift; sourceTree = "<group>"; };
		2E6E64102B7EDEE900A11DB9 /* StyleConst.swift */ = {isa = PBXFileReference; lastKnownFileType = sourcecode.swift; path = StyleConst.swift; sourceTree = "<group>"; };
		2E6E64142B80460400A11DB9 /* PhysicalConditionEntryFormViewModel.swift */ = {isa = PBXFileReference; lastKnownFileType = sourcecode.swift; path = PhysicalConditionEntryFormViewModel.swift; sourceTree = "<group>"; };
		2E6FE20B2BA26D2700541819 /* NotificationPermissionView.swift */ = {isa = PBXFileReference; lastKnownFileType = sourcecode.swift; path = NotificationPermissionView.swift; sourceTree = "<group>"; };
		2E6FE20E2BA26F9000541819 /* NotificationPermissionViewModel.swift */ = {isa = PBXFileReference; lastKnownFileType = sourcecode.swift; path = NotificationPermissionViewModel.swift; sourceTree = "<group>"; };
		2E6FE2112BA2750100541819 /* AppDelegate.swift */ = {isa = PBXFileReference; lastKnownFileType = sourcecode.swift; path = AppDelegate.swift; sourceTree = "<group>"; };
		2E868AB12BB59D5A00681E6B /* WeekHydrationGraph.swift */ = {isa = PBXFileReference; lastKnownFileType = sourcecode.swift; path = WeekHydrationGraph.swift; sourceTree = "<group>"; };
		2E868AB32BB59D6B00681E6B /* WeekHydrationGraphViewModel.swift */ = {isa = PBXFileReference; lastKnownFileType = sourcecode.swift; path = WeekHydrationGraphViewModel.swift; sourceTree = "<group>"; };
		2E868AB52BB6332700681E6B /* WeekHydrationListView.swift */ = {isa = PBXFileReference; lastKnownFileType = sourcecode.swift; path = WeekHydrationListView.swift; sourceTree = "<group>"; };
		2E868AB72BB6336800681E6B /* WeekHydrationListViewModel.swift */ = {isa = PBXFileReference; lastKnownFileType = sourcecode.swift; path = WeekHydrationListViewModel.swift; sourceTree = "<group>"; };
		2E868AB92BB6372500681E6B /* SelectedDateHydrationGraph.swift */ = {isa = PBXFileReference; lastKnownFileType = sourcecode.swift; path = SelectedDateHydrationGraph.swift; sourceTree = "<group>"; };
		2E8C66D02B81DF2300280A17 /* PhysicalCondition.swift */ = {isa = PBXFileReference; lastKnownFileType = sourcecode.swift; path = PhysicalCondition.swift; sourceTree = "<group>"; };
		2E8C66DA2B856F9100280A17 /* StyledTextEditor.swift */ = {isa = PBXFileReference; lastKnownFileType = sourcecode.swift; path = StyledTextEditor.swift; sourceTree = "<group>"; };
		2E8FBEC22BA520BA0082B3E1 /* ConditionScreenNavigationRouter.swift */ = {isa = PBXFileReference; lastKnownFileType = sourcecode.swift; path = ConditionScreenNavigationRouter.swift; sourceTree = "<group>"; };
		2E8FBEC52BA676C60082B3E1 /* NotificationSettingScreen.swift */ = {isa = PBXFileReference; lastKnownFileType = sourcecode.swift; path = NotificationSettingScreen.swift; sourceTree = "<group>"; };
		2E8FBEC72BA679D20082B3E1 /* NotificationSettingNavigationRouter.swift */ = {isa = PBXFileReference; lastKnownFileType = sourcecode.swift; path = NotificationSettingNavigationRouter.swift; sourceTree = "<group>"; };
		2E8FBECA2BA67BF20082B3E1 /* NotificationSettingEndView.swift */ = {isa = PBXFileReference; lastKnownFileType = sourcecode.swift; path = NotificationSettingEndView.swift; sourceTree = "<group>"; };
		2E8FBECC2BA67D680082B3E1 /* PhysicalConditionReminderView.swift */ = {isa = PBXFileReference; lastKnownFileType = sourcecode.swift; path = PhysicalConditionReminderView.swift; sourceTree = "<group>"; };
		2E8FBECE2BA67EBE0082B3E1 /* PhysicalConditionReminderViewModel.swift */ = {isa = PBXFileReference; lastKnownFileType = sourcecode.swift; path = PhysicalConditionReminderViewModel.swift; sourceTree = "<group>"; };
		2E8FBED02BA680FC0082B3E1 /* NotificationSettingEndViewModel.swift */ = {isa = PBXFileReference; lastKnownFileType = sourcecode.swift; path = NotificationSettingEndViewModel.swift; sourceTree = "<group>"; };
		2E8FBED22BA6E6AA0082B3E1 /* PhysicalConditionReminder.swift */ = {isa = PBXFileReference; lastKnownFileType = sourcecode.swift; path = PhysicalConditionReminder.swift; sourceTree = "<group>"; };
		2E8FBED52BA6E7CD0082B3E1 /* DateArrayTransformer.swift */ = {isa = PBXFileReference; lastKnownFileType = sourcecode.swift; path = DateArrayTransformer.swift; sourceTree = "<group>"; };
		2E8FBED72BA6ED940082B3E1 /* PhysicalConditionReminderDataSource.swift */ = {isa = PBXFileReference; lastKnownFileType = sourcecode.swift; path = PhysicalConditionReminderDataSource.swift; sourceTree = "<group>"; };
		2E8FBEDA2BA7B2E80082B3E1 /* ReminderTab.swift */ = {isa = PBXFileReference; lastKnownFileType = sourcecode.swift; path = ReminderTab.swift; sourceTree = "<group>"; };
		2E8FBEDD2BA86E660082B3E1 /* IntervalTimeSelectView.swift */ = {isa = PBXFileReference; lastKnownFileType = sourcecode.swift; path = IntervalTimeSelectView.swift; sourceTree = "<group>"; };
		2E8FBEDF2BA86E9D0082B3E1 /* ScheduleTimeSelectView.swift */ = {isa = PBXFileReference; lastKnownFileType = sourcecode.swift; path = ScheduleTimeSelectView.swift; sourceTree = "<group>"; };
		2E8FBEE22BA86ED00082B3E1 /* TimeSelection.swift */ = {isa = PBXFileReference; lastKnownFileType = sourcecode.swift; path = TimeSelection.swift; sourceTree = "<group>"; };
		2E8FBEE62BA86F630082B3E1 /* TimePicker.swift */ = {isa = PBXFileReference; lastKnownFileType = sourcecode.swift; path = TimePicker.swift; sourceTree = "<group>"; };
		2E8FBEE82BAA78390082B3E1 /* ReminderType.swift */ = {isa = PBXFileReference; lastKnownFileType = sourcecode.swift; path = ReminderType.swift; sourceTree = "<group>"; };
		2E8FBEEB2BAA78F70082B3E1 /* TabTitleConvertible.swift */ = {isa = PBXFileReference; lastKnownFileType = sourcecode.swift; path = TabTitleConvertible.swift; sourceTree = "<group>"; };
		2E8FBEEE2BAA79300082B3E1 /* ConditionTab+Extensions.swift */ = {isa = PBXFileReference; lastKnownFileType = sourcecode.swift; path = "ConditionTab+Extensions.swift"; sourceTree = "<group>"; };
		2E8FBEF12BAA7A850082B3E1 /* ReminderTab+Extensions.swift */ = {isa = PBXFileReference; lastKnownFileType = sourcecode.swift; path = "ReminderTab+Extensions.swift"; sourceTree = "<group>"; };
		2E8FBEF32BAA7CD20082B3E1 /* NotificationSettingNavigationItem.swift */ = {isa = PBXFileReference; lastKnownFileType = sourcecode.swift; path = NotificationSettingNavigationItem.swift; sourceTree = "<group>"; };
		2E8FBEF52BAA8A310082B3E1 /* ModelManager.swift */ = {isa = PBXFileReference; lastKnownFileType = sourcecode.swift; path = ModelManager.swift; sourceTree = "<group>"; };
		2EAD063D2B9BEFBE00FBCC21 /* PhysicalConditionDataSourceProtocol.swift */ = {isa = PBXFileReference; lastKnownFileType = sourcecode.swift; path = PhysicalConditionDataSourceProtocol.swift; sourceTree = "<group>"; };
		2EAD063F2B9BF01D00FBCC21 /* PhysicalConditionDataSource+Extension.swift */ = {isa = PBXFileReference; lastKnownFileType = sourcecode.swift; path = "PhysicalConditionDataSource+Extension.swift"; sourceTree = "<group>"; };
		2EB941EF2BAC59DF00F3B0D2 /* Profile.swift */ = {isa = PBXFileReference; lastKnownFileType = sourcecode.swift; path = Profile.swift; sourceTree = "<group>"; };
		2EB941F12BAC5C2E00F3B0D2 /* ProfileDataSource.swift */ = {isa = PBXFileReference; lastKnownFileType = sourcecode.swift; path = ProfileDataSource.swift; sourceTree = "<group>"; };
		2EB941F52BACF1AC00F3B0D2 /* ProfileScreen.swift */ = {isa = PBXFileReference; lastKnownFileType = sourcecode.swift; path = ProfileScreen.swift; sourceTree = "<group>"; };
		2EB941F72BACF1BA00F3B0D2 /* ProfileScreenViewModel.swift */ = {isa = PBXFileReference; lastKnownFileType = sourcecode.swift; path = ProfileScreenViewModel.swift; sourceTree = "<group>"; };
		2EB941FA2BACF54300F3B0D2 /* NicknameInputView.swift */ = {isa = PBXFileReference; lastKnownFileType = sourcecode.swift; path = NicknameInputView.swift; sourceTree = "<group>"; };
		2EB941FC2BACF73300F3B0D2 /* ProfileNavigationRouter.swift */ = {isa = PBXFileReference; lastKnownFileType = sourcecode.swift; path = ProfileNavigationRouter.swift; sourceTree = "<group>"; };
		2EB941FE2BADA8C500F3B0D2 /* NicknameInputViewModel.swift */ = {isa = PBXFileReference; lastKnownFileType = sourcecode.swift; path = NicknameInputViewModel.swift; sourceTree = "<group>"; };
		2EB942002BADAA2300F3B0D2 /* WorkDaySelectView.swift */ = {isa = PBXFileReference; lastKnownFileType = sourcecode.swift; path = WorkDaySelectView.swift; sourceTree = "<group>"; };
		2EB942022BAE7DEB00F3B0D2 /* WorkDaySelectViewModel.swift */ = {isa = PBXFileReference; lastKnownFileType = sourcecode.swift; path = WorkDaySelectViewModel.swift; sourceTree = "<group>"; };
		2EB942042BAEBF2500F3B0D2 /* WorkTimeInputView.swift */ = {isa = PBXFileReference; lastKnownFileType = sourcecode.swift; path = WorkTimeInputView.swift; sourceTree = "<group>"; };
		2EB942062BAEC9D700F3B0D2 /* WorkTimeInputViewModel.swift */ = {isa = PBXFileReference; lastKnownFileType = sourcecode.swift; path = WorkTimeInputViewModel.swift; sourceTree = "<group>"; };
		2EB942082BAECC9200F3B0D2 /* RestTimeInputView.swift */ = {isa = PBXFileReference; lastKnownFileType = sourcecode.swift; path = RestTimeInputView.swift; sourceTree = "<group>"; };
		2EB9420A2BAED68C00F3B0D2 /* RestTimeInputViewModel.swift */ = {isa = PBXFileReference; lastKnownFileType = sourcecode.swift; path = RestTimeInputViewModel.swift; sourceTree = "<group>"; };
		2EB9420C2BAEDF9F00F3B0D2 /* GoalSettingInputView.swift */ = {isa = PBXFileReference; lastKnownFileType = sourcecode.swift; path = GoalSettingInputView.swift; sourceTree = "<group>"; };
		2EB9420E2BAF055C00F3B0D2 /* GoalSettingInputViewModel.swift */ = {isa = PBXFileReference; lastKnownFileType = sourcecode.swift; path = GoalSettingInputViewModel.swift; sourceTree = "<group>"; };
		2EB942112BAFB8A000F3B0D2 /* RestTimePeriodSection.swift */ = {isa = PBXFileReference; lastKnownFileType = sourcecode.swift; path = RestTimePeriodSection.swift; sourceTree = "<group>"; };
		2EB942132BAFB8E300F3B0D2 /* DayOfWeek.swift */ = {isa = PBXFileReference; lastKnownFileType = sourcecode.swift; path = DayOfWeek.swift; sourceTree = "<group>"; };
		2EB942152BAFB97E00F3B0D2 /* WorkDay.swift */ = {isa = PBXFileReference; lastKnownFileType = sourcecode.swift; path = WorkDay.swift; sourceTree = "<group>"; };
		2EB942172BAFC19400F3B0D2 /* RestTimePeriod.swift */ = {isa = PBXFileReference; lastKnownFileType = sourcecode.swift; path = RestTimePeriod.swift; sourceTree = "<group>"; };
		2EB9421A2BAFC85200F3B0D2 /* FormBaseViewModel.swift */ = {isa = PBXFileReference; lastKnownFileType = sourcecode.swift; path = FormBaseViewModel.swift; sourceTree = "<group>"; };
		2EB9421C2BB01F6400F3B0D2 /* TextInput.swift */ = {isa = PBXFileReference; lastKnownFileType = sourcecode.swift; path = TextInput.swift; sourceTree = "<group>"; };
		2EB9421E2BB0259300F3B0D2 /* TimeSelectionListView.swift */ = {isa = PBXFileReference; lastKnownFileType = sourcecode.swift; path = TimeSelectionListView.swift; sourceTree = "<group>"; };
		2EB942202BB02A2B00F3B0D2 /* TimeSelectable.swift */ = {isa = PBXFileReference; lastKnownFileType = sourcecode.swift; path = TimeSelectable.swift; sourceTree = "<group>"; };
		2EB942232BB0500B00F3B0D2 /* TitleView.swift */ = {isa = PBXFileReference; lastKnownFileType = sourcecode.swift; path = TitleView.swift; sourceTree = "<group>"; };
		2EB942262BB0512200F3B0D2 /* CommonPaddingModifier.swift */ = {isa = PBXFileReference; lastKnownFileType = sourcecode.swift; path = CommonPaddingModifier.swift; sourceTree = "<group>"; };
		2EB942282BB0522300F3B0D2 /* CommonLayoutView.swift */ = {isa = PBXFileReference; lastKnownFileType = sourcecode.swift; path = CommonLayoutView.swift; sourceTree = "<group>"; };
		2EBD2D322B608BDC0063EC7A /* RemoteWellnessSupportApp.app */ = {isa = PBXFileReference; explicitFileType = wrapper.application; includeInIndex = 0; path = RemoteWellnessSupportApp.app; sourceTree = BUILT_PRODUCTS_DIR; };
		2EBD2D352B608BDC0063EC7A /* RemoteWellnessSupportApp.swift */ = {isa = PBXFileReference; lastKnownFileType = sourcecode.swift; path = RemoteWellnessSupportApp.swift; sourceTree = "<group>"; };
		2EBD2D392B608BDF0063EC7A /* Assets.xcassets */ = {isa = PBXFileReference; lastKnownFileType = folder.assetcatalog; path = Assets.xcassets; sourceTree = "<group>"; };
		2EBD2D3C2B608BDF0063EC7A /* Preview Assets.xcassets */ = {isa = PBXFileReference; lastKnownFileType = folder.assetcatalog; path = "Preview Assets.xcassets"; sourceTree = "<group>"; };
		2EBD2D422B608BDF0063EC7A /* RemoteWellnessSupportApp Watch App.app */ = {isa = PBXFileReference; explicitFileType = wrapper.application; includeInIndex = 0; path = "RemoteWellnessSupportApp Watch App.app"; sourceTree = BUILT_PRODUCTS_DIR; };
		2EBD2D472B608BDF0063EC7A /* RemoteWellnessSupportApp.swift */ = {isa = PBXFileReference; lastKnownFileType = sourcecode.swift; path = RemoteWellnessSupportApp.swift; sourceTree = "<group>"; };
		2EBD2D492B608BDF0063EC7A /* ContentView.swift */ = {isa = PBXFileReference; lastKnownFileType = sourcecode.swift; path = ContentView.swift; sourceTree = "<group>"; };
		2EBD2D4B2B608BE10063EC7A /* Assets.xcassets */ = {isa = PBXFileReference; lastKnownFileType = folder.assetcatalog; path = Assets.xcassets; sourceTree = "<group>"; };
		2EBD2D4E2B608BE10063EC7A /* Preview Assets.xcassets */ = {isa = PBXFileReference; lastKnownFileType = folder.assetcatalog; path = "Preview Assets.xcassets"; sourceTree = "<group>"; };
		2ED957C72B86BED1007663AA /* SelectorView.swift */ = {isa = PBXFileReference; lastKnownFileType = sourcecode.swift; path = SelectorView.swift; sourceTree = "<group>"; };
		2ED957CA2B86BEF8007663AA /* SelectableItem.swift */ = {isa = PBXFileReference; lastKnownFileType = sourcecode.swift; path = SelectableItem.swift; sourceTree = "<group>"; };
		2ED957CD2B86D7D1007663AA /* ErrorAlertModifier.swift */ = {isa = PBXFileReference; lastKnownFileType = sourcecode.swift; path = ErrorAlertModifier.swift; sourceTree = "<group>"; };
		2ED957D02B883D8B007663AA /* PhysicalConditionDataSource.swift */ = {isa = PBXFileReference; lastKnownFileType = sourcecode.swift; path = PhysicalConditionDataSource.swift; sourceTree = "<group>"; };
		2EE812BE2B790137000B65E5 /* RootView.swift */ = {isa = PBXFileReference; fileEncoding = 4; lastKnownFileType = sourcecode.swift; path = RootView.swift; sourceTree = "<group>"; };
		2EE812BF2B790137000B65E5 /* MainView.swift */ = {isa = PBXFileReference; fileEncoding = 4; lastKnownFileType = sourcecode.swift; path = MainView.swift; sourceTree = "<group>"; };
		2EE812C42B79016D000B65E5 /* ConditionScreen.swift */ = {isa = PBXFileReference; fileEncoding = 4; lastKnownFileType = sourcecode.swift; path = ConditionScreen.swift; sourceTree = "<group>"; };
		2EE812C62B79016D000B65E5 /* TabButton.swift */ = {isa = PBXFileReference; fileEncoding = 4; lastKnownFileType = sourcecode.swift; path = TabButton.swift; sourceTree = "<group>"; };
		2EE812C72B79016D000B65E5 /* TodayCondition.swift */ = {isa = PBXFileReference; fileEncoding = 4; lastKnownFileType = sourcecode.swift; path = TodayCondition.swift; sourceTree = "<group>"; };
		2EE812CE2B79904E000B65E5 /* HydrationEntryForm.swift */ = {isa = PBXFileReference; fileEncoding = 4; lastKnownFileType = sourcecode.swift; path = HydrationEntryForm.swift; sourceTree = "<group>"; };
		2EE812D12B79904E000B65E5 /* PhysicalConditionEntryForm.swift */ = {isa = PBXFileReference; fileEncoding = 4; lastKnownFileType = sourcecode.swift; path = PhysicalConditionEntryForm.swift; sourceTree = "<group>"; };
		2EE812D42B79904E000B65E5 /* StepEntryForm.swift */ = {isa = PBXFileReference; fileEncoding = 4; lastKnownFileType = sourcecode.swift; path = StepEntryForm.swift; sourceTree = "<group>"; };
		2EE812D72B79904E000B65E5 /* ReviewEntryForm.swift */ = {isa = PBXFileReference; fileEncoding = 4; lastKnownFileType = sourcecode.swift; path = ReviewEntryForm.swift; sourceTree = "<group>"; };
		2EE812DF2B799E24000B65E5 /* MainTabConst.swift */ = {isa = PBXFileReference; lastKnownFileType = sourcecode.swift; path = MainTabConst.swift; sourceTree = "<group>"; };
		2EE812E22B79A068000B65E5 /* ConditionTab.swift */ = {isa = PBXFileReference; lastKnownFileType = sourcecode.swift; path = ConditionTab.swift; sourceTree = "<group>"; };
		2EE812E42B79A4A0000B65E5 /* ConditionNavigationLink.swift */ = {isa = PBXFileReference; lastKnownFileType = sourcecode.swift; path = ConditionNavigationLink.swift; sourceTree = "<group>"; };
		2EE812E62B79A6F0000B65E5 /* ActivityEntryNavigationLink.swift */ = {isa = PBXFileReference; lastKnownFileType = sourcecode.swift; path = ActivityEntryNavigationLink.swift; sourceTree = "<group>"; };
		2EE812E82B79ABBC000B65E5 /* PlusButton.swift */ = {isa = PBXFileReference; lastKnownFileType = sourcecode.swift; path = PlusButton.swift; sourceTree = "<group>"; };
		2EE812EB2B7A243C000B65E5 /* ActivityEntryAreaViewModel.swift */ = {isa = PBXFileReference; lastKnownFileType = sourcecode.swift; path = ActivityEntryAreaViewModel.swift; sourceTree = "<group>"; };
		2EE812ED2B7ADE9E000B65E5 /* ActivityEntryArea.swift */ = {isa = PBXFileReference; lastKnownFileType = sourcecode.swift; path = ActivityEntryArea.swift; sourceTree = "<group>"; };
		2EFAC4C22BC15C6100B822BD /* BaseSelectedDateGraphViewModel.swift */ = {isa = PBXFileReference; lastKnownFileType = sourcecode.swift; path = BaseSelectedDateGraphViewModel.swift; sourceTree = "<group>"; };
		2EFAC4C42BC22D9E00B822BD /* SwiftDataError.swift */ = {isa = PBXFileReference; lastKnownFileType = sourcecode.swift; path = SwiftDataError.swift; sourceTree = "<group>"; };
		2EFAC4C62BC22F9700B822BD /* DateError.swift */ = {isa = PBXFileReference; lastKnownFileType = sourcecode.swift; path = DateError.swift; sourceTree = "<group>"; };
		2EFD01852B71A254003020C6 /* WatchFeatureExplanationViewModel.swift */ = {isa = PBXFileReference; lastKnownFileType = sourcecode.swift; path = WatchFeatureExplanationViewModel.swift; sourceTree = "<group>"; };
		2EFD01882B71A721003020C6 /* Const.swift */ = {isa = PBXFileReference; lastKnownFileType = sourcecode.swift; path = Const.swift; sourceTree = "<group>"; };
/* End PBXFileReference section */

/* Begin PBXFrameworksBuildPhase section */
		2EBD2D2F2B608BDC0063EC7A /* Frameworks */ = {
			isa = PBXFrameworksBuildPhase;
			buildActionMask = 2147483647;
			files = (
			);
			runOnlyForDeploymentPostprocessing = 0;
		};
		2EBD2D3F2B608BDF0063EC7A /* Frameworks */ = {
			isa = PBXFrameworksBuildPhase;
			buildActionMask = 2147483647;
			files = (
			);
			runOnlyForDeploymentPostprocessing = 0;
		};
/* End PBXFrameworksBuildPhase section */

/* Begin PBXGroup section */
		2E0ACDF62B947C3C00318BF2 /* Enums */ = {
			isa = PBXGroup;
			children = (
				2E0ACDF72B947CD800318BF2 /* ActivityEditDestination.swift */,
				2E0ACE002B97E4F200318BF2 /* ActivityListDestination.swift */,
			);
			path = Enums;
			sourceTree = "<group>";
		};
		2E0C95BD2B69201000576531 /* OnBoarding */ = {
			isa = PBXGroup;
			children = (
				2EFD01842B71A211003020C6 /* ViewModels */,
				2E0C95CF2B6B0CE200576531 /* Enums */,
				2E0C95C32B69CD1300576531 /* Views */,
				2E0C95C52B6A710700576531 /* OnboardingScreenView.swift */,
			);
			path = OnBoarding;
			sourceTree = "<group>";
		};
		2E0C95C02B6929B800576531 /* Sharing */ = {
			isa = PBXGroup;
			children = (
				2E0C95C12B6929E600576531 /* OnboardingContentView.swift */,
			);
			path = Sharing;
			sourceTree = "<group>";
		};
		2E0C95C32B69CD1300576531 /* Views */ = {
			isa = PBXGroup;
			children = (
				2E0C95C42B69CD1C00576531 /* Children */,
			);
			path = Views;
			sourceTree = "<group>";
		};
		2E0C95C42B69CD1C00576531 /* Children */ = {
			isa = PBXGroup;
			children = (
				2E0C95C92B6A73EF00576531 /* ReviewDescriptionView.swift */,
				2E0C95C02B6929B800576531 /* Sharing */,
				2E0C95BE2B69208A00576531 /* IntroductionView.swift */,
				2E0C95C72B6A723300576531 /* ReminderExplanationView.swift */,
				2E0C95CB2B6A7D2F00576531 /* HealthReviewDescriptionView.swift */,
				2E0C95CD2B6A7E8000576531 /* WatchFeatureExplanationView.swift */,
			);
			path = Children;
			sourceTree = "<group>";
		};
		2E0C95CF2B6B0CE200576531 /* Enums */ = {
			isa = PBXGroup;
			children = (
				2E0C95D22B6B0D2B00576531 /* OnBoardingTab.swift */,
			);
			path = Enums;
			sourceTree = "<group>";
		};
		2E0C95D42B6B0DCF00576531 /* Common */ = {
			isa = PBXGroup;
			children = (
				2EB942192BAFC84700F3B0D2 /* ViewModels */,
				2E631C712B8A17F700B35AAC /* Extensions */,
				2ED957CF2B883D6F007663AA /* DataSources */,
				2ED957C92B86BEE8007663AA /* Protocols */,
				2E8C66D62B81FF0100280A17 /* ViewModifiers */,
				2E6E64162B80548F00A11DB9 /* Models */,
				2EFD01872B71A6EA003020C6 /* Enums */,
				2E0C95D82B6BC2E400576531 /* Views */,
				2E0C95D52B6B0EAE00576531 /* Styles */,
			);
			path = Common;
			sourceTree = "<group>";
		};
		2E0C95D52B6B0EAE00576531 /* Styles */ = {
			isa = PBXGroup;
			children = (
				2E0C95D62B6B0EBE00576531 /* AppColors.swift */,
			);
			path = Styles;
			sourceTree = "<group>";
		};
		2E0C95D82B6BC2E400576531 /* Views */ = {
			isa = PBXGroup;
			children = (
				2E0C95D92B6BC62D00576531 /* CommonButtonView.swift */,
				2EE812E82B79ABBC000B65E5 /* PlusButton.swift */,
				2E8C66DA2B856F9100280A17 /* StyledTextEditor.swift */,
				2ED957C72B86BED1007663AA /* SelectorView.swift */,
				2E8FBEE62BA86F630082B3E1 /* TimePicker.swift */,
				2EB9421C2BB01F6400F3B0D2 /* TextInput.swift */,
				2EB9421E2BB0259300F3B0D2 /* TimeSelectionListView.swift */,
				2E61D0BA2BB2F8D20087B895 /* GraphValueChartView.swift */,
			);
			path = Views;
			sourceTree = "<group>";
		};
		2E0DA41A2B8B2A56004E0185 /* Models */ = {
			isa = PBXGroup;
			children = (
				2E0DA41B2B8B2A73004E0185 /* GraphValue.swift */,
			);
			path = Models;
			sourceTree = "<group>";
		};
		2E0DA41D2B8C0AD6004E0185 /* Common */ = {
			isa = PBXGroup;
			children = (
				2E0DA4202B8C0B1F004E0185 /* PhysicalConditionChartView.swift */,
			);
			path = Common;
			sourceTree = "<group>";
		};
		2E0DA4262B8E10D2004E0185 /* ViewModifiers */ = {
			isa = PBXGroup;
			children = (
				2E0DA4272B8E10EB004E0185 /* ChartXAxisModifier.swift */,
				2E0DA4292B8E113D004E0185 /* PhysicalConditionChartYModifier.swift */,
				2E61D0BC2BB302190087B895 /* HydrationChartYModifier.swift */,
			);
			path = ViewModifiers;
			sourceTree = "<group>";
		};
		2E61D0A92BB237FE0087B895 /* ViewModels */ = {
			isa = PBXGroup;
			children = (
				2E61D0AA2BB238130087B895 /* HydrationEntryFormViewModel.swift */,
				2E61D0B82BB2F2820087B895 /* HydrationGraphViewModel.swift */,
				2E61D0C02BB432CA0087B895 /* DailyHydrationListViewModel.swift */,
				2E868AB32BB59D6B00681E6B /* WeekHydrationGraphViewModel.swift */,
				2E868AB72BB6336800681E6B /* WeekHydrationListViewModel.swift */,
			);
			path = ViewModels;
			sourceTree = "<group>";
		};
		2E631C712B8A17F700B35AAC /* Extensions */ = {
			isa = PBXGroup;
			children = (
				2E631C722B8A180E00B35AAC /* Date+Extensions.swift */,
				2EAD063F2B9BF01D00FBCC21 /* PhysicalConditionDataSource+Extension.swift */,
			);
			path = Extensions;
			sourceTree = "<group>";
		};
		2E69836E2B9DACBA0076EF4F /* Models */ = {
			isa = PBXGroup;
			children = (
				2E69836F2B9DACC50076EF4F /* DateWithListValue.swift */,
			);
			path = Models;
			sourceTree = "<group>";
		};
		2E6E64132B8045DC00A11DB9 /* ViewModels */ = {
			isa = PBXGroup;
			children = (
				2E6E64142B80460400A11DB9 /* PhysicalConditionEntryFormViewModel.swift */,
				2E0ACDF42B93E9EA00318BF2 /* DailyPhysicalConditionListViewModel.swift */,
				2E69836C2B9D58BB0076EF4F /* WeekPhysicalConditionListViewModel.swift */,
				2E631C6F2B8972E800B35AAC /* PhysicalConditionGraphModel.swift */,
			);
			path = ViewModels;
			sourceTree = "<group>";
		};
		2E6E64162B80548F00A11DB9 /* Models */ = {
			isa = PBXGroup;
			children = (
				2EB941EF2BAC59DF00F3B0D2 /* Profile.swift */,
				2E8C66D02B81DF2300280A17 /* PhysicalCondition.swift */,
				2E8FBED22BA6E6AA0082B3E1 /* PhysicalConditionReminder.swift */,
				2E8FBED42BA6E7760082B3E1 /* ValueTransformers */,
				2E61D0AC2BB238C00087B895 /* Hydration.swift */,
			);
			path = Models;
			sourceTree = "<group>";
		};
		2E6FE2092BA26CE000541819 /* NotificationSetting */ = {
			isa = PBXGroup;
			children = (
				2E8FBEF02BAA7A760082B3E1 /* Extensions */,
				2E8FBEE12BA86EC20082B3E1 /* Models */,
				2E8FBED92BA7B2CE0082B3E1 /* Enums */,
				2E6FE20D2BA26F7E00541819 /* ViewModels */,
				2E6FE20A2BA26CFD00541819 /* Views */,
			);
			path = NotificationSetting;
			sourceTree = "<group>";
		};
		2E6FE20A2BA26CFD00541819 /* Views */ = {
			isa = PBXGroup;
			children = (
				2E8FBEDC2BA86E3C0082B3E1 /* Common */,
				2E8FBEC92BA67BDA0082B3E1 /* Children */,
				2E8FBEC52BA676C60082B3E1 /* NotificationSettingScreen.swift */,
			);
			path = Views;
			sourceTree = "<group>";
		};
		2E6FE20D2BA26F7E00541819 /* ViewModels */ = {
			isa = PBXGroup;
			children = (
				2E6FE20E2BA26F9000541819 /* NotificationPermissionViewModel.swift */,
				2E8FBEC72BA679D20082B3E1 /* NotificationSettingNavigationRouter.swift */,
				2E8FBECE2BA67EBE0082B3E1 /* PhysicalConditionReminderViewModel.swift */,
				2E8FBED02BA680FC0082B3E1 /* NotificationSettingEndViewModel.swift */,
			);
			path = ViewModels;
			sourceTree = "<group>";
		};
		2E6FE2102BA274F100541819 /* Core */ = {
			isa = PBXGroup;
			children = (
				2E6FE2112BA2750100541819 /* AppDelegate.swift */,
				2E8FBEF52BAA8A310082B3E1 /* ModelManager.swift */,
			);
			path = Core;
			sourceTree = "<group>";
		};
		2E8C66D62B81FF0100280A17 /* ViewModifiers */ = {
			isa = PBXGroup;
			children = (
				2ED957CD2B86D7D1007663AA /* ErrorAlertModifier.swift */,
			);
			path = ViewModifiers;
			sourceTree = "<group>";
		};
		2E8FBEC92BA67BDA0082B3E1 /* Children */ = {
			isa = PBXGroup;
			children = (
				2E6FE20B2BA26D2700541819 /* NotificationPermissionView.swift */,
				2E8FBECA2BA67BF20082B3E1 /* NotificationSettingEndView.swift */,
				2E8FBECC2BA67D680082B3E1 /* PhysicalConditionReminderView.swift */,
			);
			path = Children;
			sourceTree = "<group>";
		};
		2E8FBED42BA6E7760082B3E1 /* ValueTransformers */ = {
			isa = PBXGroup;
			children = (
				2E8FBED52BA6E7CD0082B3E1 /* DateArrayTransformer.swift */,
			);
			path = ValueTransformers;
			sourceTree = "<group>";
		};
		2E8FBED92BA7B2CE0082B3E1 /* Enums */ = {
			isa = PBXGroup;
			children = (
				2E8FBEDA2BA7B2E80082B3E1 /* ReminderTab.swift */,
				2E8FBEF32BAA7CD20082B3E1 /* NotificationSettingNavigationItem.swift */,
			);
			path = Enums;
			sourceTree = "<group>";
		};
		2E8FBEDC2BA86E3C0082B3E1 /* Common */ = {
			isa = PBXGroup;
			children = (
				2E8FBEDD2BA86E660082B3E1 /* IntervalTimeSelectView.swift */,
				2E8FBEDF2BA86E9D0082B3E1 /* ScheduleTimeSelectView.swift */,
			);
			path = Common;
			sourceTree = "<group>";
		};
		2E8FBEE12BA86EC20082B3E1 /* Models */ = {
			isa = PBXGroup;
			children = (
				2E8FBEE22BA86ED00082B3E1 /* TimeSelection.swift */,
			);
			path = Models;
			sourceTree = "<group>";
		};
		2E8FBEEA2BAA78E70082B3E1 /* Protocols */ = {
			isa = PBXGroup;
			children = (
				2E8FBEEB2BAA78F70082B3E1 /* TabTitleConvertible.swift */,
			);
			path = Protocols;
			sourceTree = "<group>";
		};
		2E8FBEED2BAA79100082B3E1 /* Extensions */ = {
			isa = PBXGroup;
			children = (
				2E8FBEEE2BAA79300082B3E1 /* ConditionTab+Extensions.swift */,
			);
			path = Extensions;
			sourceTree = "<group>";
		};
		2E8FBEF02BAA7A760082B3E1 /* Extensions */ = {
			isa = PBXGroup;
			children = (
				2E8FBEF12BAA7A850082B3E1 /* ReminderTab+Extensions.swift */,
			);
			path = Extensions;
			sourceTree = "<group>";
		};
		2EB941EE2BAC57D900F3B0D2 /* Profile */ = {
			isa = PBXGroup;
			children = (
				2EB942252BB050F600F3B0D2 /* ViewModifier */,
				2EB942102BAFB89200F3B0D2 /* Model */,
				2EB941F42BACF19400F3B0D2 /* ViewModels */,
				2EB941F32BACF18900F3B0D2 /* Views */,
			);
			path = Profile;
			sourceTree = "<group>";
		};
		2EB941F32BACF18900F3B0D2 /* Views */ = {
			isa = PBXGroup;
			children = (
				2EB942222BB04FF000F3B0D2 /* Common */,
				2EB941F92BACF51F00F3B0D2 /* Children */,
				2EB941F52BACF1AC00F3B0D2 /* ProfileScreen.swift */,
			);
			path = Views;
			sourceTree = "<group>";
		};
		2EB941F42BACF19400F3B0D2 /* ViewModels */ = {
			isa = PBXGroup;
			children = (
				2EB941F72BACF1BA00F3B0D2 /* ProfileScreenViewModel.swift */,
				2EB941FC2BACF73300F3B0D2 /* ProfileNavigationRouter.swift */,
				2EB941FE2BADA8C500F3B0D2 /* NicknameInputViewModel.swift */,
				2EB942022BAE7DEB00F3B0D2 /* WorkDaySelectViewModel.swift */,
				2EB942062BAEC9D700F3B0D2 /* WorkTimeInputViewModel.swift */,
				2EB9420A2BAED68C00F3B0D2 /* RestTimeInputViewModel.swift */,
				2EB9420E2BAF055C00F3B0D2 /* GoalSettingInputViewModel.swift */,
			);
			path = ViewModels;
			sourceTree = "<group>";
		};
		2EB941F92BACF51F00F3B0D2 /* Children */ = {
			isa = PBXGroup;
			children = (
				2EB9420C2BAEDF9F00F3B0D2 /* GoalSettingInputView.swift */,
				2EB941FA2BACF54300F3B0D2 /* NicknameInputView.swift */,
				2EB942002BADAA2300F3B0D2 /* WorkDaySelectView.swift */,
				2EB942042BAEBF2500F3B0D2 /* WorkTimeInputView.swift */,
				2EB942082BAECC9200F3B0D2 /* RestTimeInputView.swift */,
			);
			path = Children;
			sourceTree = "<group>";
		};
		2EB942102BAFB89200F3B0D2 /* Model */ = {
			isa = PBXGroup;
			children = (
				2EB942112BAFB8A000F3B0D2 /* RestTimePeriodSection.swift */,
				2EB942132BAFB8E300F3B0D2 /* DayOfWeek.swift */,
				2EB942152BAFB97E00F3B0D2 /* WorkDay.swift */,
				2EB942172BAFC19400F3B0D2 /* RestTimePeriod.swift */,
			);
			path = Model;
			sourceTree = "<group>";
		};
		2EB942192BAFC84700F3B0D2 /* ViewModels */ = {
			isa = PBXGroup;
			children = (
				2EB9421A2BAFC85200F3B0D2 /* FormBaseViewModel.swift */,
				2EFAC4C22BC15C6100B822BD /* BaseSelectedDateGraphViewModel.swift */,
			);
			path = ViewModels;
			sourceTree = "<group>";
		};
		2EB942222BB04FF000F3B0D2 /* Common */ = {
			isa = PBXGroup;
			children = (
				2EB942232BB0500B00F3B0D2 /* TitleView.swift */,
				2EB942282BB0522300F3B0D2 /* CommonLayoutView.swift */,
			);
			path = Common;
			sourceTree = "<group>";
		};
		2EB942252BB050F600F3B0D2 /* ViewModifier */ = {
			isa = PBXGroup;
			children = (
				2EB942262BB0512200F3B0D2 /* CommonPaddingModifier.swift */,
			);
			path = ViewModifier;
			sourceTree = "<group>";
		};
		2EBD2D292B608BDC0063EC7A = {
			isa = PBXGroup;
			children = (
				2EBD2D342B608BDC0063EC7A /* RemoteWellnessSupportApp */,
				2EBD2D462B608BDF0063EC7A /* RemoteWellnessSupportApp Watch App */,
				2EBD2D332B608BDC0063EC7A /* Products */,
				2EE812BB2B78FFEE000B65E5 /* Recovered References */,
			);
			sourceTree = "<group>";
		};
		2EBD2D332B608BDC0063EC7A /* Products */ = {
			isa = PBXGroup;
			children = (
				2EBD2D322B608BDC0063EC7A /* RemoteWellnessSupportApp.app */,
				2EBD2D422B608BDF0063EC7A /* RemoteWellnessSupportApp Watch App.app */,
			);
			name = Products;
			sourceTree = "<group>";
		};
		2EBD2D342B608BDC0063EC7A /* RemoteWellnessSupportApp */ = {
			isa = PBXGroup;
			children = (
				2EB941EE2BAC57D900F3B0D2 /* Profile */,
				2E6FE2102BA274F100541819 /* Core */,
				2E6FE2092BA26CE000541819 /* NotificationSetting */,
				2EE812CB2B79904E000B65E5 /* Activity */,
				2EE812C22B79016D000B65E5 /* Condition */,
				2EE812BC2B790137000B65E5 /* Navigation */,
				2E0C95D42B6B0DCF00576531 /* Common */,
				2E0C95BD2B69201000576531 /* OnBoarding */,
				2EBD2D352B608BDC0063EC7A /* RemoteWellnessSupportApp.swift */,
				2EBD2D392B608BDF0063EC7A /* Assets.xcassets */,
				2EBD2D3B2B608BDF0063EC7A /* Preview Content */,
			);
			path = RemoteWellnessSupportApp;
			sourceTree = "<group>";
		};
		2EBD2D3B2B608BDF0063EC7A /* Preview Content */ = {
			isa = PBXGroup;
			children = (
				2EBD2D3C2B608BDF0063EC7A /* Preview Assets.xcassets */,
			);
			path = "Preview Content";
			sourceTree = "<group>";
		};
		2EBD2D462B608BDF0063EC7A /* RemoteWellnessSupportApp Watch App */ = {
			isa = PBXGroup;
			children = (
				2EBD2D472B608BDF0063EC7A /* RemoteWellnessSupportApp.swift */,
				2EBD2D492B608BDF0063EC7A /* ContentView.swift */,
				2EBD2D4B2B608BE10063EC7A /* Assets.xcassets */,
				2EBD2D4D2B608BE10063EC7A /* Preview Content */,
			);
			path = "RemoteWellnessSupportApp Watch App";
			sourceTree = "<group>";
		};
		2EBD2D4D2B608BE10063EC7A /* Preview Content */ = {
			isa = PBXGroup;
			children = (
				2EBD2D4E2B608BE10063EC7A /* Preview Assets.xcassets */,
			);
			path = "Preview Content";
			sourceTree = "<group>";
		};
		2ED957C92B86BEE8007663AA /* Protocols */ = {
			isa = PBXGroup;
			children = (
				2ED957CA2B86BEF8007663AA /* SelectableItem.swift */,
				2EAD063D2B9BEFBE00FBCC21 /* PhysicalConditionDataSourceProtocol.swift */,
				2EB942202BB02A2B00F3B0D2 /* TimeSelectable.swift */,
			);
			path = Protocols;
			sourceTree = "<group>";
		};
		2ED957CF2B883D6F007663AA /* DataSources */ = {
			isa = PBXGroup;
			children = (
				2ED957D02B883D8B007663AA /* PhysicalConditionDataSource.swift */,
				2E8FBED72BA6ED940082B3E1 /* PhysicalConditionReminderDataSource.swift */,
				2EB941F12BAC5C2E00F3B0D2 /* ProfileDataSource.swift */,
				2E61D0AE2BB2396A0087B895 /* HydrationDataSource.swift */,
			);
			path = DataSources;
			sourceTree = "<group>";
		};
		2EE812BB2B78FFEE000B65E5 /* Recovered References */ = {
			isa = PBXGroup;
			children = (
			);
			name = "Recovered References";
			sourceTree = "<group>";
		};
		2EE812BC2B790137000B65E5 /* Navigation */ = {
			isa = PBXGroup;
			children = (
				2EE812DE2B799DB0000B65E5 /* Enums */,
				2EE812BD2B790137000B65E5 /* Views */,
			);
			path = Navigation;
			sourceTree = "<group>";
		};
		2EE812BD2B790137000B65E5 /* Views */ = {
			isa = PBXGroup;
			children = (
				2EE812BE2B790137000B65E5 /* RootView.swift */,
				2EE812BF2B790137000B65E5 /* MainView.swift */,
			);
			path = Views;
			sourceTree = "<group>";
		};
		2EE812C22B79016D000B65E5 /* Condition */ = {
			isa = PBXGroup;
			children = (
				2E8FBEED2BAA79100082B3E1 /* Extensions */,
				2E8FBEEA2BAA78E70082B3E1 /* Protocols */,
				2E0DA4262B8E10D2004E0185 /* ViewModifiers */,
				2E0DA41A2B8B2A56004E0185 /* Models */,
				2EE812EA2B7A2427000B65E5 /* ViewModels */,
				2EE812E12B799FBF000B65E5 /* Enums */,
				2EE812C32B79016D000B65E5 /* Views */,
			);
			path = Condition;
			sourceTree = "<group>";
		};
		2EE812C32B79016D000B65E5 /* Views */ = {
			isa = PBXGroup;
			children = (
				2E0DA41D2B8C0AD6004E0185 /* Common */,
				2EE812C42B79016D000B65E5 /* ConditionScreen.swift */,
				2EE812C52B79016D000B65E5 /* Children */,
			);
			path = Views;
			sourceTree = "<group>";
		};
		2EE812C52B79016D000B65E5 /* Children */ = {
			isa = PBXGroup;
			children = (
				2EE812C62B79016D000B65E5 /* TabButton.swift */,
				2EE812C72B79016D000B65E5 /* TodayCondition.swift */,
				2EE812E62B79A6F0000B65E5 /* ActivityEntryNavigationLink.swift */,
				2EE812ED2B7ADE9E000B65E5 /* ActivityEntryArea.swift */,
				2E6983642B9C728D0076EF4F /* WeekCondition.swift */,
			);
			path = Children;
			sourceTree = "<group>";
		};
		2EE812CB2B79904E000B65E5 /* Activity */ = {
			isa = PBXGroup;
			children = (
				2E0ACDF62B947C3C00318BF2 /* Enums */,
				2EE812CC2B79904E000B65E5 /* Hydration */,
				2EE812CF2B79904E000B65E5 /* PhysicalCondition */,
				2EE812D22B79904E000B65E5 /* Step */,
				2EE812D52B79904E000B65E5 /* Review */,
			);
			path = Activity;
			sourceTree = "<group>";
		};
		2EE812CC2B79904E000B65E5 /* Hydration */ = {
			isa = PBXGroup;
			children = (
				2E61D0A92BB237FE0087B895 /* ViewModels */,
				2EE812CD2B79904E000B65E5 /* Views */,
			);
			path = Hydration;
			sourceTree = "<group>";
		};
		2EE812CD2B79904E000B65E5 /* Views */ = {
			isa = PBXGroup;
			children = (
				2EE812CE2B79904E000B65E5 /* HydrationEntryForm.swift */,
				2E61D0B42BB246B80087B895 /* HydrationCreateForm.swift */,
				2E61D0B62BB2F26E0087B895 /* HydrationGraph.swift */,
				2E61D0BE2BB432520087B895 /* DailyHydrationList.swift */,
				2E61D0C22BB446520087B895 /* HydrationEditForm.swift */,
				2E868AB12BB59D5A00681E6B /* WeekHydrationGraph.swift */,
				2E868AB52BB6332700681E6B /* WeekHydrationListView.swift */,
				2E868AB92BB6372500681E6B /* SelectedDateHydrationGraph.swift */,
			);
			path = Views;
			sourceTree = "<group>";
		};
		2EE812CF2B79904E000B65E5 /* PhysicalCondition */ = {
			isa = PBXGroup;
			children = (
				2E69836E2B9DACBA0076EF4F /* Models */,
				2E6E64132B8045DC00A11DB9 /* ViewModels */,
				2EE812D02B79904E000B65E5 /* Views */,
			);
			path = PhysicalCondition;
			sourceTree = "<group>";
		};
		2EE812D02B79904E000B65E5 /* Views */ = {
			isa = PBXGroup;
			children = (
				2EE812D12B79904E000B65E5 /* PhysicalConditionEntryForm.swift */,
				2E0ACDF22B93E42200318BF2 /* DailyPhysicalConditionList.swift */,
				2E0ACDF92B947DB100318BF2 /* PhysicalConditionEditForm.swift */,
				2E0ACDFB2B9690F300318BF2 /* PhysicalConditionCreateForm.swift */,
				2E631C6D2B896F0D00B35AAC /* PhysicalConditionGraph.swift */,
				2E69836A2B9D554C0076EF4F /* WeekPhysicalConditionListView.swift */,
				2E6983662B9C73720076EF4F /* WeekPhysicalConditionGraph.swift */,
				2E6983712B9E767D0076EF4F /* SelectedDatePhysicalConditionGraph.swift */,
			);
			path = Views;
			sourceTree = "<group>";
		};
		2EE812D22B79904E000B65E5 /* Step */ = {
			isa = PBXGroup;
			children = (
				2EE812D32B79904E000B65E5 /* Views */,
			);
			path = Step;
			sourceTree = "<group>";
		};
		2EE812D32B79904E000B65E5 /* Views */ = {
			isa = PBXGroup;
			children = (
				2EE812D42B79904E000B65E5 /* StepEntryForm.swift */,
			);
			path = Views;
			sourceTree = "<group>";
		};
		2EE812D52B79904E000B65E5 /* Review */ = {
			isa = PBXGroup;
			children = (
				2EE812D62B79904E000B65E5 /* Views */,
			);
			path = Review;
			sourceTree = "<group>";
		};
		2EE812D62B79904E000B65E5 /* Views */ = {
			isa = PBXGroup;
			children = (
				2EE812D72B79904E000B65E5 /* ReviewEntryForm.swift */,
			);
			path = Views;
			sourceTree = "<group>";
		};
		2EE812DE2B799DB0000B65E5 /* Enums */ = {
			isa = PBXGroup;
			children = (
				2EE812DF2B799E24000B65E5 /* MainTabConst.swift */,
			);
			path = Enums;
			sourceTree = "<group>";
		};
		2EE812E12B799FBF000B65E5 /* Enums */ = {
			isa = PBXGroup;
			children = (
				2EE812E22B79A068000B65E5 /* ConditionTab.swift */,
				2EE812E42B79A4A0000B65E5 /* ConditionNavigationLink.swift */,
				2E0DA4222B8CBD9C004E0185 /* TimeZoneType.swift */,
				2E0DA4242B8D5DC4004E0185 /* GraphDefinition.swift */,
			);
			path = Enums;
			sourceTree = "<group>";
		};
		2EE812EA2B7A2427000B65E5 /* ViewModels */ = {
			isa = PBXGroup;
			children = (
				2EE812EB2B7A243C000B65E5 /* ActivityEntryAreaViewModel.swift */,
				2E6983682B9C73E80076EF4F /* WeekPhysicalConditionGraphViewModel.swift */,
				2E8FBEC22BA520BA0082B3E1 /* ConditionScreenNavigationRouter.swift */,
			);
			path = ViewModels;
			sourceTree = "<group>";
		};
		2EFD01842B71A211003020C6 /* ViewModels */ = {
			isa = PBXGroup;
			children = (
				2EFD01852B71A254003020C6 /* WatchFeatureExplanationViewModel.swift */,
			);
			path = ViewModels;
			sourceTree = "<group>";
		};
		2EFD01872B71A6EA003020C6 /* Enums */ = {
			isa = PBXGroup;
			children = (
				2EFD01882B71A721003020C6 /* Const.swift */,
				2E6E640D2B7E37A300A11DB9 /* PhysicalConditionRating.swift */,
				2E6E64102B7EDEE900A11DB9 /* StyleConst.swift */,
				2E0ACDFE2B97E32B00318BF2 /* FormAction.swift */,
				2E8FBEE82BAA78390082B3E1 /* ReminderType.swift */,
				2E61D0B22BB23E8D0087B895 /* HydrationRating.swift */,
				2EFAC4C42BC22D9E00B822BD /* SwiftDataError.swift */,
				2EFAC4C62BC22F9700B822BD /* DateError.swift */,
			);
			path = Enums;
			sourceTree = "<group>";
		};
/* End PBXGroup section */

/* Begin PBXNativeTarget section */
		2EBD2D312B608BDC0063EC7A /* RemoteWellnessSupportApp */ = {
			isa = PBXNativeTarget;
			buildConfigurationList = 2EBD2D562B608BE10063EC7A /* Build configuration list for PBXNativeTarget "RemoteWellnessSupportApp" */;
			buildPhases = (
				2EBD2D2E2B608BDC0063EC7A /* Sources */,
				2EBD2D2F2B608BDC0063EC7A /* Frameworks */,
				2EBD2D302B608BDC0063EC7A /* Resources */,
				2EBD2D552B608BE10063EC7A /* Embed Watch Content */,
			);
			buildRules = (
			);
			dependencies = (
				2EBD2D452B608BDF0063EC7A /* PBXTargetDependency */,
			);
			name = RemoteWellnessSupportApp;
			productName = RemoteWellnessSupportApp;
			productReference = 2EBD2D322B608BDC0063EC7A /* RemoteWellnessSupportApp.app */;
			productType = "com.apple.product-type.application";
		};
		2EBD2D412B608BDF0063EC7A /* RemoteWellnessSupportApp Watch App */ = {
			isa = PBXNativeTarget;
			buildConfigurationList = 2EBD2D522B608BE10063EC7A /* Build configuration list for PBXNativeTarget "RemoteWellnessSupportApp Watch App" */;
			buildPhases = (
				2EBD2D3E2B608BDF0063EC7A /* Sources */,
				2EBD2D3F2B608BDF0063EC7A /* Frameworks */,
				2EBD2D402B608BDF0063EC7A /* Resources */,
			);
			buildRules = (
			);
			dependencies = (
			);
			name = "RemoteWellnessSupportApp Watch App";
			productName = "RemoteWellnessSupportApp Watch App";
			productReference = 2EBD2D422B608BDF0063EC7A /* RemoteWellnessSupportApp Watch App.app */;
			productType = "com.apple.product-type.application";
		};
/* End PBXNativeTarget section */

/* Begin PBXProject section */
		2EBD2D2A2B608BDC0063EC7A /* Project object */ = {
			isa = PBXProject;
			attributes = {
				BuildIndependentTargetsInParallel = 1;
				LastSwiftUpdateCheck = 1500;
				LastUpgradeCheck = 1500;
				TargetAttributes = {
					2EBD2D312B608BDC0063EC7A = {
						CreatedOnToolsVersion = 15.0.1;
					};
					2EBD2D412B608BDF0063EC7A = {
						CreatedOnToolsVersion = 15.0.1;
					};
				};
			};
			buildConfigurationList = 2EBD2D2D2B608BDC0063EC7A /* Build configuration list for PBXProject "RemoteWellnessSupportApp" */;
			compatibilityVersion = "Xcode 14.0";
			developmentRegion = en;
			hasScannedForEncodings = 0;
			knownRegions = (
				en,
				Base,
			);
			mainGroup = 2EBD2D292B608BDC0063EC7A;
			packageReferences = (
				2EE596A32B613F79009C47BC /* XCRemoteSwiftPackageReference "SwiftLint" */,
			);
			productRefGroup = 2EBD2D332B608BDC0063EC7A /* Products */;
			projectDirPath = "";
			projectRoot = "";
			targets = (
				2EBD2D312B608BDC0063EC7A /* RemoteWellnessSupportApp */,
				2EBD2D412B608BDF0063EC7A /* RemoteWellnessSupportApp Watch App */,
			);
		};
/* End PBXProject section */

/* Begin PBXResourcesBuildPhase section */
		2EBD2D302B608BDC0063EC7A /* Resources */ = {
			isa = PBXResourcesBuildPhase;
			buildActionMask = 2147483647;
			files = (
				2EBD2D3D2B608BDF0063EC7A /* Preview Assets.xcassets in Resources */,
				2EBD2D3A2B608BDF0063EC7A /* Assets.xcassets in Resources */,
			);
			runOnlyForDeploymentPostprocessing = 0;
		};
		2EBD2D402B608BDF0063EC7A /* Resources */ = {
			isa = PBXResourcesBuildPhase;
			buildActionMask = 2147483647;
			files = (
				2EBD2D4F2B608BE10063EC7A /* Preview Assets.xcassets in Resources */,
				2EBD2D4C2B608BE10063EC7A /* Assets.xcassets in Resources */,
			);
			runOnlyForDeploymentPostprocessing = 0;
		};
/* End PBXResourcesBuildPhase section */

/* Begin PBXSourcesBuildPhase section */
		2EBD2D2E2B608BDC0063EC7A /* Sources */ = {
			isa = PBXSourcesBuildPhase;
			buildActionMask = 2147483647;
			files = (
				2E61D0AB2BB238130087B895 /* HydrationEntryFormViewModel.swift in Sources */,
				2E6FE2122BA2750100541819 /* AppDelegate.swift in Sources */,
				2E8C66D12B81DF2300280A17 /* PhysicalCondition.swift in Sources */,
				2EE812EC2B7A243C000B65E5 /* ActivityEntryAreaViewModel.swift in Sources */,
				2E61D0BF2BB432520087B895 /* DailyHydrationList.swift in Sources */,
				2EB941F82BACF1BA00F3B0D2 /* ProfileScreenViewModel.swift in Sources */,
				2EB9420D2BAEDF9F00F3B0D2 /* GoalSettingInputView.swift in Sources */,
				2E0DA41C2B8B2A73004E0185 /* GraphValue.swift in Sources */,
				2EFAC4C52BC22D9E00B822BD /* SwiftDataError.swift in Sources */,
				2E0DA42A2B8E113D004E0185 /* PhysicalConditionChartYModifier.swift in Sources */,
				2E8FBEF62BAA8A310082B3E1 /* ModelManager.swift in Sources */,
				2E8FBECD2BA67D680082B3E1 /* PhysicalConditionReminderView.swift in Sources */,
				2E8FBEE72BA86F630082B3E1 /* TimePicker.swift in Sources */,
				2E61D0B72BB2F26E0087B895 /* HydrationGraph.swift in Sources */,
				2E6E640E2B7E37A300A11DB9 /* PhysicalConditionRating.swift in Sources */,
				2E61D0B52BB246B80087B895 /* HydrationCreateForm.swift in Sources */,
				2E0C95DA2B6BC62D00576531 /* CommonButtonView.swift in Sources */,
				2E0C95CC2B6A7D2F00576531 /* HealthReviewDescriptionView.swift in Sources */,
				2E631C6E2B896F0D00B35AAC /* PhysicalConditionGraph.swift in Sources */,
				2E0DA4282B8E10EB004E0185 /* ChartXAxisModifier.swift in Sources */,
				2E8FBEF22BAA7A850082B3E1 /* ReminderTab+Extensions.swift in Sources */,
				2E8FBEC32BA520BA0082B3E1 /* ConditionScreenNavigationRouter.swift in Sources */,
				2EB942162BAFB97E00F3B0D2 /* WorkDay.swift in Sources */,
				2EAD063E2B9BEFBE00FBCC21 /* PhysicalConditionDataSourceProtocol.swift in Sources */,
				2EE812D92B79904E000B65E5 /* PhysicalConditionEntryForm.swift in Sources */,
				2E8FBED32BA6E6AA0082B3E1 /* PhysicalConditionReminder.swift in Sources */,
				2E0ACDF52B93E9EA00318BF2 /* DailyPhysicalConditionListViewModel.swift in Sources */,
				2E6FE20C2BA26D2700541819 /* NotificationPermissionView.swift in Sources */,
				2EB9421D2BB01F6400F3B0D2 /* TextInput.swift in Sources */,
				2E6983652B9C728D0076EF4F /* WeekCondition.swift in Sources */,
				2E61D0C32BB446520087B895 /* HydrationEditForm.swift in Sources */,
				2E8FBEE92BAA78390082B3E1 /* ReminderType.swift in Sources */,
				2E0C95BF2B69208A00576531 /* IntroductionView.swift in Sources */,
				2E8FBEEC2BAA78F70082B3E1 /* TabTitleConvertible.swift in Sources */,
				2E0ACDFC2B9690F300318BF2 /* PhysicalConditionCreateForm.swift in Sources */,
				2EE812DB2B79904E000B65E5 /* ReviewEntryForm.swift in Sources */,
				2E0C95CE2B6A7E8000576531 /* WatchFeatureExplanationView.swift in Sources */,
				2E61D0BB2BB2F8D20087B895 /* GraphValueChartView.swift in Sources */,
				2E6E64112B7EDEE900A11DB9 /* StyleConst.swift in Sources */,
				2E8FBED12BA680FC0082B3E1 /* NotificationSettingEndViewModel.swift in Sources */,
				2EE812DA2B79904E000B65E5 /* StepEntryForm.swift in Sources */,
				2E868AB42BB59D6B00681E6B /* WeekHydrationGraphViewModel.swift in Sources */,
				2E0ACE012B97E4F200318BF2 /* ActivityListDestination.swift in Sources */,
				2E8FBEEF2BAA79300082B3E1 /* ConditionTab+Extensions.swift in Sources */,
				2EE812E02B799E24000B65E5 /* MainTabConst.swift in Sources */,
				2EFD01862B71A254003020C6 /* WatchFeatureExplanationViewModel.swift in Sources */,
				2EAD06402B9BF01D00FBCC21 /* PhysicalConditionDataSource+Extension.swift in Sources */,
				2EB942032BAE7DEB00F3B0D2 /* WorkDaySelectViewModel.swift in Sources */,
				2E8FBEC82BA679D20082B3E1 /* NotificationSettingNavigationRouter.swift in Sources */,
				2E8FBEDE2BA86E660082B3E1 /* IntervalTimeSelectView.swift in Sources */,
				2E6983692B9C73E80076EF4F /* WeekPhysicalConditionGraphViewModel.swift in Sources */,
				2E61D0BD2BB302190087B895 /* HydrationChartYModifier.swift in Sources */,
				2EB9421B2BAFC85200F3B0D2 /* FormBaseViewModel.swift in Sources */,
				2E0C95D72B6B0EBE00576531 /* AppColors.swift in Sources */,
				2E6FE20F2BA26F9000541819 /* NotificationPermissionViewModel.swift in Sources */,
				2EB942212BB02A2B00F3B0D2 /* TimeSelectable.swift in Sources */,
				2E69836B2B9D554C0076EF4F /* WeekPhysicalConditionListView.swift in Sources */,
				2E61D0AF2BB2396A0087B895 /* HydrationDataSource.swift in Sources */,
				2EB941F02BAC59DF00F3B0D2 /* Profile.swift in Sources */,
				2EB942292BB0522300F3B0D2 /* CommonLayoutView.swift in Sources */,
				2E69836D2B9D58BB0076EF4F /* WeekPhysicalConditionListViewModel.swift in Sources */,
				2E6983672B9C73720076EF4F /* WeekPhysicalConditionGraph.swift in Sources */,
				2E8FBEF42BAA7CD20082B3E1 /* NotificationSettingNavigationItem.swift in Sources */,
				2EE812E92B79ABBC000B65E5 /* PlusButton.swift in Sources */,
				2EE812E52B79A4A0000B65E5 /* ConditionNavigationLink.swift in Sources */,
				2EE812E32B79A068000B65E5 /* ConditionTab.swift in Sources */,
				2ED957D12B883D8B007663AA /* PhysicalConditionDataSource.swift in Sources */,
				2EB941F62BACF1AC00F3B0D2 /* ProfileScreen.swift in Sources */,
				2E0C95C82B6A723300576531 /* ReminderExplanationView.swift in Sources */,
				2E8FBED82BA6ED940082B3E1 /* PhysicalConditionReminderDataSource.swift in Sources */,
				2E8C66DB2B856F9100280A17 /* StyledTextEditor.swift in Sources */,
				2E6983702B9DACC50076EF4F /* DateWithListValue.swift in Sources */,
				2EBD2D362B608BDC0063EC7A /* RemoteWellnessSupportApp.swift in Sources */,
				2EB942072BAEC9D700F3B0D2 /* WorkTimeInputViewModel.swift in Sources */,
				2E0DA4252B8D5DC4004E0185 /* GraphDefinition.swift in Sources */,
				2EE812C92B79016D000B65E5 /* TabButton.swift in Sources */,
				2E868AB22BB59D5A00681E6B /* WeekHydrationGraph.swift in Sources */,
				2ED957C82B86BED1007663AA /* SelectorView.swift in Sources */,
				2E0DA4212B8C0B1F004E0185 /* PhysicalConditionChartView.swift in Sources */,
				2E631C702B8972E800B35AAC /* PhysicalConditionGraphModel.swift in Sources */,
				2E61D0B92BB2F2820087B895 /* HydrationGraphViewModel.swift in Sources */,
				2E8FBEE32BA86ED00082B3E1 /* TimeSelection.swift in Sources */,
				2EE812C82B79016D000B65E5 /* ConditionScreen.swift in Sources */,
				2E0ACDF32B93E42200318BF2 /* DailyPhysicalConditionList.swift in Sources */,
				2E8FBECF2BA67EBE0082B3E1 /* PhysicalConditionReminderViewModel.swift in Sources */,
				2E868ABA2BB6372500681E6B /* SelectedDateHydrationGraph.swift in Sources */,
				2EE812C12B790137000B65E5 /* MainView.swift in Sources */,
				2EB942052BAEBF2500F3B0D2 /* WorkTimeInputView.swift in Sources */,
				2EB942242BB0500B00F3B0D2 /* TitleView.swift in Sources */,
				2EFAC4C72BC22F9700B822BD /* DateError.swift in Sources */,
				2EB941F22BAC5C2E00F3B0D2 /* ProfileDataSource.swift in Sources */,
				2E0ACDFA2B947DB100318BF2 /* PhysicalConditionEditForm.swift in Sources */,
				2E631C732B8A180E00B35AAC /* Date+Extensions.swift in Sources */,
				2EB942142BAFB8E300F3B0D2 /* DayOfWeek.swift in Sources */,
				2E0ACDF82B947CD800318BF2 /* ActivityEditDestination.swift in Sources */,
				2EFAC4C32BC15C6100B822BD /* BaseSelectedDateGraphViewModel.swift in Sources */,
				2ED957CE2B86D7D1007663AA /* ErrorAlertModifier.swift in Sources */,
				2EB942182BAFC19400F3B0D2 /* RestTimePeriod.swift in Sources */,
				2EB941FD2BACF73300F3B0D2 /* ProfileNavigationRouter.swift in Sources */,
				2EB941FB2BACF54300F3B0D2 /* NicknameInputView.swift in Sources */,
				2EB942122BAFB8A000F3B0D2 /* RestTimePeriodSection.swift in Sources */,
				2E0C95D32B6B0D2B00576531 /* OnBoardingTab.swift in Sources */,
				2E61D0AD2BB238C00087B895 /* Hydration.swift in Sources */,
				2EE812E72B79A6F0000B65E5 /* ActivityEntryNavigationLink.swift in Sources */,
				2EE812CA2B79016D000B65E5 /* TodayCondition.swift in Sources */,
				2EE812D82B79904E000B65E5 /* HydrationEntryForm.swift in Sources */,
				2E0C95C22B6929E600576531 /* OnboardingContentView.swift in Sources */,
				2E6983722B9E767D0076EF4F /* SelectedDatePhysicalConditionGraph.swift in Sources */,
				2EB9420F2BAF055C00F3B0D2 /* GoalSettingInputViewModel.swift in Sources */,
				2ED957CB2B86BEF8007663AA /* SelectableItem.swift in Sources */,
				2E8FBECB2BA67BF20082B3E1 /* NotificationSettingEndView.swift in Sources */,
				2E61D0B32BB23E8D0087B895 /* HydrationRating.swift in Sources */,
				2E8FBEC62BA676C60082B3E1 /* NotificationSettingScreen.swift in Sources */,
				2E868AB82BB6336800681E6B /* WeekHydrationListViewModel.swift in Sources */,
				2E6E64152B80460500A11DB9 /* PhysicalConditionEntryFormViewModel.swift in Sources */,
				2EB942012BADAA2300F3B0D2 /* WorkDaySelectView.swift in Sources */,
				2E61D0C12BB432CA0087B895 /* DailyHydrationListViewModel.swift in Sources */,
				2EB941FF2BADA8C500F3B0D2 /* NicknameInputViewModel.swift in Sources */,
				2EB9420B2BAED68C00F3B0D2 /* RestTimeInputViewModel.swift in Sources */,
				2E8FBEE02BA86E9D0082B3E1 /* ScheduleTimeSelectView.swift in Sources */,
				2EB942092BAECC9200F3B0D2 /* RestTimeInputView.swift in Sources */,
				2EB942272BB0512200F3B0D2 /* CommonPaddingModifier.swift in Sources */,
				2E868AB62BB6332700681E6B /* WeekHydrationListView.swift in Sources */,
				2E0DA4232B8CBD9C004E0185 /* TimeZoneType.swift in Sources */,
				2EE812EE2B7ADE9E000B65E5 /* ActivityEntryArea.swift in Sources */,
				2E8FBED62BA6E7CD0082B3E1 /* DateArrayTransformer.swift in Sources */,
				2EFD01892B71A721003020C6 /* Const.swift in Sources */,
				2E0C95C62B6A710700576531 /* OnboardingScreenView.swift in Sources */,
				2EB9421F2BB0259300F3B0D2 /* TimeSelectionListView.swift in Sources */,
				2E8FBEDB2BA7B2E80082B3E1 /* ReminderTab.swift in Sources */,
				2E0C95CA2B6A73EF00576531 /* ReviewDescriptionView.swift in Sources */,
				2E0ACDFF2B97E32B00318BF2 /* FormAction.swift in Sources */,
				2EE812C02B790137000B65E5 /* RootView.swift in Sources */,
			);
			runOnlyForDeploymentPostprocessing = 0;
		};
		2EBD2D3E2B608BDF0063EC7A /* Sources */ = {
			isa = PBXSourcesBuildPhase;
			buildActionMask = 2147483647;
			files = (
				2E631C742B8A180E00B35AAC /* Date+Extensions.swift in Sources */,
				2ED957CC2B86C7EC007663AA /* SelectableItem.swift in Sources */,
				2EBD2D4A2B608BDF0063EC7A /* ContentView.swift in Sources */,
				2E6E640F2B7E37A300A11DB9 /* PhysicalConditionRating.swift in Sources */,
				2E6E64122B7EDEE900A11DB9 /* StyleConst.swift in Sources */,
				2EBD2D482B608BDF0063EC7A /* RemoteWellnessSupportApp.swift in Sources */,
			);
			runOnlyForDeploymentPostprocessing = 0;
		};
/* End PBXSourcesBuildPhase section */

/* Begin PBXTargetDependency section */
		2EBD2D452B608BDF0063EC7A /* PBXTargetDependency */ = {
			isa = PBXTargetDependency;
			target = 2EBD2D412B608BDF0063EC7A /* RemoteWellnessSupportApp Watch App */;
			targetProxy = 2EBD2D442B608BDF0063EC7A /* PBXContainerItemProxy */;
		};
/* End PBXTargetDependency section */

/* Begin XCBuildConfiguration section */
		2EBD2D502B608BE10063EC7A /* Debug */ = {
			isa = XCBuildConfiguration;
			buildSettings = {
				ALWAYS_SEARCH_USER_PATHS = NO;
				ASSETCATALOG_COMPILER_GENERATE_SWIFT_ASSET_SYMBOL_EXTENSIONS = YES;
				CLANG_ANALYZER_NONNULL = YES;
				CLANG_ANALYZER_NUMBER_OBJECT_CONVERSION = YES_AGGRESSIVE;
				CLANG_CXX_LANGUAGE_STANDARD = "gnu++20";
				CLANG_ENABLE_MODULES = YES;
				CLANG_ENABLE_OBJC_ARC = YES;
				CLANG_ENABLE_OBJC_WEAK = YES;
				CLANG_WARN_BLOCK_CAPTURE_AUTORELEASING = YES;
				CLANG_WARN_BOOL_CONVERSION = YES;
				CLANG_WARN_COMMA = YES;
				CLANG_WARN_CONSTANT_CONVERSION = YES;
				CLANG_WARN_DEPRECATED_OBJC_IMPLEMENTATIONS = YES;
				CLANG_WARN_DIRECT_OBJC_ISA_USAGE = YES_ERROR;
				CLANG_WARN_DOCUMENTATION_COMMENTS = YES;
				CLANG_WARN_EMPTY_BODY = YES;
				CLANG_WARN_ENUM_CONVERSION = YES;
				CLANG_WARN_INFINITE_RECURSION = YES;
				CLANG_WARN_INT_CONVERSION = YES;
				CLANG_WARN_NON_LITERAL_NULL_CONVERSION = YES;
				CLANG_WARN_OBJC_IMPLICIT_RETAIN_SELF = YES;
				CLANG_WARN_OBJC_LITERAL_CONVERSION = YES;
				CLANG_WARN_OBJC_ROOT_CLASS = YES_ERROR;
				CLANG_WARN_QUOTED_INCLUDE_IN_FRAMEWORK_HEADER = YES;
				CLANG_WARN_RANGE_LOOP_ANALYSIS = YES;
				CLANG_WARN_STRICT_PROTOTYPES = YES;
				CLANG_WARN_SUSPICIOUS_MOVE = YES;
				CLANG_WARN_UNGUARDED_AVAILABILITY = YES_AGGRESSIVE;
				CLANG_WARN_UNREACHABLE_CODE = YES;
				CLANG_WARN__DUPLICATE_METHOD_MATCH = YES;
				COPY_PHASE_STRIP = NO;
				DEBUG_INFORMATION_FORMAT = dwarf;
				ENABLE_STRICT_OBJC_MSGSEND = YES;
				ENABLE_TESTABILITY = YES;
				ENABLE_USER_SCRIPT_SANDBOXING = YES;
				GCC_C_LANGUAGE_STANDARD = gnu17;
				GCC_DYNAMIC_NO_PIC = NO;
				GCC_NO_COMMON_BLOCKS = YES;
				GCC_OPTIMIZATION_LEVEL = 0;
				GCC_PREPROCESSOR_DEFINITIONS = (
					"DEBUG=1",
					"$(inherited)",
				);
				GCC_WARN_64_TO_32_BIT_CONVERSION = YES;
				GCC_WARN_ABOUT_RETURN_TYPE = YES_ERROR;
				GCC_WARN_UNDECLARED_SELECTOR = YES;
				GCC_WARN_UNINITIALIZED_AUTOS = YES_AGGRESSIVE;
				GCC_WARN_UNUSED_FUNCTION = YES;
				GCC_WARN_UNUSED_VARIABLE = YES;
				LOCALIZATION_PREFERS_STRING_CATALOGS = YES;
				MTL_ENABLE_DEBUG_INFO = INCLUDE_SOURCE;
				MTL_FAST_MATH = YES;
				ONLY_ACTIVE_ARCH = YES;
				SWIFT_ACTIVE_COMPILATION_CONDITIONS = "DEBUG $(inherited)";
				SWIFT_OPTIMIZATION_LEVEL = "-Onone";
			};
			name = Debug;
		};
		2EBD2D512B608BE10063EC7A /* Release */ = {
			isa = XCBuildConfiguration;
			buildSettings = {
				ALWAYS_SEARCH_USER_PATHS = NO;
				ASSETCATALOG_COMPILER_GENERATE_SWIFT_ASSET_SYMBOL_EXTENSIONS = YES;
				CLANG_ANALYZER_NONNULL = YES;
				CLANG_ANALYZER_NUMBER_OBJECT_CONVERSION = YES_AGGRESSIVE;
				CLANG_CXX_LANGUAGE_STANDARD = "gnu++20";
				CLANG_ENABLE_MODULES = YES;
				CLANG_ENABLE_OBJC_ARC = YES;
				CLANG_ENABLE_OBJC_WEAK = YES;
				CLANG_WARN_BLOCK_CAPTURE_AUTORELEASING = YES;
				CLANG_WARN_BOOL_CONVERSION = YES;
				CLANG_WARN_COMMA = YES;
				CLANG_WARN_CONSTANT_CONVERSION = YES;
				CLANG_WARN_DEPRECATED_OBJC_IMPLEMENTATIONS = YES;
				CLANG_WARN_DIRECT_OBJC_ISA_USAGE = YES_ERROR;
				CLANG_WARN_DOCUMENTATION_COMMENTS = YES;
				CLANG_WARN_EMPTY_BODY = YES;
				CLANG_WARN_ENUM_CONVERSION = YES;
				CLANG_WARN_INFINITE_RECURSION = YES;
				CLANG_WARN_INT_CONVERSION = YES;
				CLANG_WARN_NON_LITERAL_NULL_CONVERSION = YES;
				CLANG_WARN_OBJC_IMPLICIT_RETAIN_SELF = YES;
				CLANG_WARN_OBJC_LITERAL_CONVERSION = YES;
				CLANG_WARN_OBJC_ROOT_CLASS = YES_ERROR;
				CLANG_WARN_QUOTED_INCLUDE_IN_FRAMEWORK_HEADER = YES;
				CLANG_WARN_RANGE_LOOP_ANALYSIS = YES;
				CLANG_WARN_STRICT_PROTOTYPES = YES;
				CLANG_WARN_SUSPICIOUS_MOVE = YES;
				CLANG_WARN_UNGUARDED_AVAILABILITY = YES_AGGRESSIVE;
				CLANG_WARN_UNREACHABLE_CODE = YES;
				CLANG_WARN__DUPLICATE_METHOD_MATCH = YES;
				COPY_PHASE_STRIP = NO;
				DEBUG_INFORMATION_FORMAT = "dwarf-with-dsym";
				ENABLE_NS_ASSERTIONS = NO;
				ENABLE_STRICT_OBJC_MSGSEND = YES;
				ENABLE_USER_SCRIPT_SANDBOXING = YES;
				GCC_C_LANGUAGE_STANDARD = gnu17;
				GCC_NO_COMMON_BLOCKS = YES;
				GCC_WARN_64_TO_32_BIT_CONVERSION = YES;
				GCC_WARN_ABOUT_RETURN_TYPE = YES_ERROR;
				GCC_WARN_UNDECLARED_SELECTOR = YES;
				GCC_WARN_UNINITIALIZED_AUTOS = YES_AGGRESSIVE;
				GCC_WARN_UNUSED_FUNCTION = YES;
				GCC_WARN_UNUSED_VARIABLE = YES;
				LOCALIZATION_PREFERS_STRING_CATALOGS = YES;
				MTL_ENABLE_DEBUG_INFO = NO;
				MTL_FAST_MATH = YES;
				SWIFT_COMPILATION_MODE = wholemodule;
			};
			name = Release;
		};
		2EBD2D532B608BE10063EC7A /* Debug */ = {
			isa = XCBuildConfiguration;
			buildSettings = {
				ASSETCATALOG_COMPILER_APPICON_NAME = AppIcon;
				ASSETCATALOG_COMPILER_GLOBAL_ACCENT_COLOR_NAME = AccentColor;
				CODE_SIGN_STYLE = Automatic;
				CURRENT_PROJECT_VERSION = 1;
				DEVELOPMENT_ASSET_PATHS = "\"RemoteWellnessSupportApp Watch App/Preview Content\"";
				ENABLE_PREVIEWS = YES;
				GENERATE_INFOPLIST_FILE = YES;
				INFOPLIST_KEY_CFBundleDisplayName = RemoteWellnessSupportApp;
				INFOPLIST_KEY_UISupportedInterfaceOrientations = "UIInterfaceOrientationPortrait UIInterfaceOrientationPortraitUpsideDown";
				INFOPLIST_KEY_WKCompanionAppBundleIdentifier = yuki.iwamoto.RemoteWellnessSupportApp;
				LD_RUNPATH_SEARCH_PATHS = (
					"$(inherited)",
					"@executable_path/Frameworks",
				);
				MARKETING_VERSION = 1.0;
				PRODUCT_BUNDLE_IDENTIFIER = yuki.iwamoto.RemoteWellnessSupportApp.watchkitapp;
				PRODUCT_NAME = "$(TARGET_NAME)";
				SDKROOT = watchos;
				SKIP_INSTALL = YES;
				SWIFT_EMIT_LOC_STRINGS = YES;
				SWIFT_VERSION = 5.0;
				TARGETED_DEVICE_FAMILY = 4;
				WATCHOS_DEPLOYMENT_TARGET = 10.0;
			};
			name = Debug;
		};
		2EBD2D542B608BE10063EC7A /* Release */ = {
			isa = XCBuildConfiguration;
			buildSettings = {
				ASSETCATALOG_COMPILER_APPICON_NAME = AppIcon;
				ASSETCATALOG_COMPILER_GLOBAL_ACCENT_COLOR_NAME = AccentColor;
				CODE_SIGN_STYLE = Automatic;
				CURRENT_PROJECT_VERSION = 1;
				DEVELOPMENT_ASSET_PATHS = "\"RemoteWellnessSupportApp Watch App/Preview Content\"";
				ENABLE_PREVIEWS = YES;
				GENERATE_INFOPLIST_FILE = YES;
				INFOPLIST_KEY_CFBundleDisplayName = RemoteWellnessSupportApp;
				INFOPLIST_KEY_UISupportedInterfaceOrientations = "UIInterfaceOrientationPortrait UIInterfaceOrientationPortraitUpsideDown";
				INFOPLIST_KEY_WKCompanionAppBundleIdentifier = yuki.iwamoto.RemoteWellnessSupportApp;
				LD_RUNPATH_SEARCH_PATHS = (
					"$(inherited)",
					"@executable_path/Frameworks",
				);
				MARKETING_VERSION = 1.0;
				PRODUCT_BUNDLE_IDENTIFIER = yuki.iwamoto.RemoteWellnessSupportApp.watchkitapp;
				PRODUCT_NAME = "$(TARGET_NAME)";
				SDKROOT = watchos;
				SKIP_INSTALL = YES;
				SWIFT_EMIT_LOC_STRINGS = YES;
				SWIFT_VERSION = 5.0;
				TARGETED_DEVICE_FAMILY = 4;
				VALIDATE_PRODUCT = YES;
				WATCHOS_DEPLOYMENT_TARGET = 10.0;
			};
			name = Release;
		};
		2EBD2D572B608BE10063EC7A /* Debug */ = {
			isa = XCBuildConfiguration;
			buildSettings = {
				ALWAYS_EMBED_SWIFT_STANDARD_LIBRARIES = YES;
				ASSETCATALOG_COMPILER_APPICON_NAME = AppIcon;
				ASSETCATALOG_COMPILER_GLOBAL_ACCENT_COLOR_NAME = AccentColor;
				CODE_SIGN_STYLE = Automatic;
				CURRENT_PROJECT_VERSION = 1;
				DEVELOPMENT_ASSET_PATHS = "\"RemoteWellnessSupportApp/Preview Content\"";
				ENABLE_PREVIEWS = YES;
				GENERATE_INFOPLIST_FILE = YES;
				INFOPLIST_KEY_CFBundleDisplayName = RemoteWellnessSupportApp;
				INFOPLIST_KEY_UIApplicationSceneManifest_Generation = YES;
				INFOPLIST_KEY_UIApplicationSupportsIndirectInputEvents = YES;
				INFOPLIST_KEY_UILaunchScreen_Generation = YES;
				INFOPLIST_KEY_UISupportedInterfaceOrientations_iPad = "UIInterfaceOrientationPortrait UIInterfaceOrientationPortraitUpsideDown UIInterfaceOrientationLandscapeLeft UIInterfaceOrientationLandscapeRight";
				INFOPLIST_KEY_UISupportedInterfaceOrientations_iPhone = "UIInterfaceOrientationPortrait UIInterfaceOrientationLandscapeLeft UIInterfaceOrientationLandscapeRight";
				IPHONEOS_DEPLOYMENT_TARGET = 17.0;
				LD_RUNPATH_SEARCH_PATHS = (
					"$(inherited)",
					"@executable_path/Frameworks",
				);
				MARKETING_VERSION = 1.0;
				PRODUCT_BUNDLE_IDENTIFIER = yuki.iwamoto.RemoteWellnessSupportApp;
				PRODUCT_NAME = "$(TARGET_NAME)";
				SDKROOT = iphoneos;
				SWIFT_EMIT_LOC_STRINGS = YES;
				SWIFT_VERSION = 5.0;
				TARGETED_DEVICE_FAMILY = "1,2";
			};
			name = Debug;
		};
		2EBD2D582B608BE10063EC7A /* Release */ = {
			isa = XCBuildConfiguration;
			buildSettings = {
				ALWAYS_EMBED_SWIFT_STANDARD_LIBRARIES = YES;
				ASSETCATALOG_COMPILER_APPICON_NAME = AppIcon;
				ASSETCATALOG_COMPILER_GLOBAL_ACCENT_COLOR_NAME = AccentColor;
				CODE_SIGN_STYLE = Automatic;
				CURRENT_PROJECT_VERSION = 1;
				DEVELOPMENT_ASSET_PATHS = "\"RemoteWellnessSupportApp/Preview Content\"";
				ENABLE_PREVIEWS = YES;
				GENERATE_INFOPLIST_FILE = YES;
				INFOPLIST_KEY_CFBundleDisplayName = RemoteWellnessSupportApp;
				INFOPLIST_KEY_UIApplicationSceneManifest_Generation = YES;
				INFOPLIST_KEY_UIApplicationSupportsIndirectInputEvents = YES;
				INFOPLIST_KEY_UILaunchScreen_Generation = YES;
				INFOPLIST_KEY_UISupportedInterfaceOrientations_iPad = "UIInterfaceOrientationPortrait UIInterfaceOrientationPortraitUpsideDown UIInterfaceOrientationLandscapeLeft UIInterfaceOrientationLandscapeRight";
				INFOPLIST_KEY_UISupportedInterfaceOrientations_iPhone = "UIInterfaceOrientationPortrait UIInterfaceOrientationLandscapeLeft UIInterfaceOrientationLandscapeRight";
				IPHONEOS_DEPLOYMENT_TARGET = 17.0;
				LD_RUNPATH_SEARCH_PATHS = (
					"$(inherited)",
					"@executable_path/Frameworks",
				);
				MARKETING_VERSION = 1.0;
				PRODUCT_BUNDLE_IDENTIFIER = yuki.iwamoto.RemoteWellnessSupportApp;
				PRODUCT_NAME = "$(TARGET_NAME)";
				SDKROOT = iphoneos;
				SWIFT_EMIT_LOC_STRINGS = YES;
				SWIFT_VERSION = 5.0;
				TARGETED_DEVICE_FAMILY = "1,2";
				VALIDATE_PRODUCT = YES;
			};
			name = Release;
		};
/* End XCBuildConfiguration section */

/* Begin XCConfigurationList section */
		2EBD2D2D2B608BDC0063EC7A /* Build configuration list for PBXProject "RemoteWellnessSupportApp" */ = {
			isa = XCConfigurationList;
			buildConfigurations = (
				2EBD2D502B608BE10063EC7A /* Debug */,
				2EBD2D512B608BE10063EC7A /* Release */,
			);
			defaultConfigurationIsVisible = 0;
			defaultConfigurationName = Release;
		};
		2EBD2D522B608BE10063EC7A /* Build configuration list for PBXNativeTarget "RemoteWellnessSupportApp Watch App" */ = {
			isa = XCConfigurationList;
			buildConfigurations = (
				2EBD2D532B608BE10063EC7A /* Debug */,
				2EBD2D542B608BE10063EC7A /* Release */,
			);
			defaultConfigurationIsVisible = 0;
			defaultConfigurationName = Release;
		};
		2EBD2D562B608BE10063EC7A /* Build configuration list for PBXNativeTarget "RemoteWellnessSupportApp" */ = {
			isa = XCConfigurationList;
			buildConfigurations = (
				2EBD2D572B608BE10063EC7A /* Debug */,
				2EBD2D582B608BE10063EC7A /* Release */,
			);
			defaultConfigurationIsVisible = 0;
			defaultConfigurationName = Release;
		};
/* End XCConfigurationList section */

/* Begin XCRemoteSwiftPackageReference section */
		2EE596A32B613F79009C47BC /* XCRemoteSwiftPackageReference "SwiftLint" */ = {
			isa = XCRemoteSwiftPackageReference;
			repositoryURL = "https://github.com/realm/SwiftLint";
			requirement = {
				kind = upToNextMajorVersion;
				minimumVersion = 0.54.0;
			};
		};
/* End XCRemoteSwiftPackageReference section */
	};
	rootObject = 2EBD2D2A2B608BDC0063EC7A /* Project object */;
}
