// !$*UTF8*$!
{
	archiveVersion = 1;
	classes = {
	};
	objectVersion = 56;
	objects = {

/* Begin PBXBuildFile section */
		2EBD2D362B608BDC0063EC7A /* RemoteWellnessSupportApp.swift in Sources */ = {isa = PBXBuildFile; fileRef = 2EBD2D352B608BDC0063EC7A /* RemoteWellnessSupportApp.swift */; };
		2EBD2D382B608BDC0063EC7A /* ContentView.swift in Sources */ = {isa = PBXBuildFile; fileRef = 2EBD2D372B608BDC0063EC7A /* ContentView.swift */; };
		2EBD2D3A2B608BDF0063EC7A /* Assets.xcassets in Resources */ = {isa = PBXBuildFile; fileRef = 2EBD2D392B608BDF0063EC7A /* Assets.xcassets */; };
		2EBD2D3D2B608BDF0063EC7A /* Preview Assets.xcassets in Resources */ = {isa = PBXBuildFile; fileRef = 2EBD2D3C2B608BDF0063EC7A /* Preview Assets.xcassets */; };
		2EBD2D432B608BDF0063EC7A /* RemoteWellnessSupportApp Watch App.app in Embed Watch Content */ = {isa = PBXBuildFile; fileRef = 2EBD2D422B608BDF0063EC7A /* RemoteWellnessSupportApp Watch App.app */; settings = {ATTRIBUTES = (RemoveHeadersOnCopy, ); }; };
		2EBD2D482B608BDF0063EC7A /* RemoteWellnessSupportApp.swift in Sources */ = {isa = PBXBuildFile; fileRef = 2EBD2D472B608BDF0063EC7A /* RemoteWellnessSupportApp.swift */; };
		2EBD2D4A2B608BDF0063EC7A /* ContentView.swift in Sources */ = {isa = PBXBuildFile; fileRef = 2EBD2D492B608BDF0063EC7A /* ContentView.swift */; };
		2EBD2D4C2B608BE10063EC7A /* Assets.xcassets in Resources */ = {isa = PBXBuildFile; fileRef = 2EBD2D4B2B608BE10063EC7A /* Assets.xcassets */; };
		2EBD2D4F2B608BE10063EC7A /* Preview Assets.xcassets in Resources */ = {isa = PBXBuildFile; fileRef = 2EBD2D4E2B608BE10063EC7A /* Preview Assets.xcassets */; };
/* End PBXBuildFile section */

/* Begin PBXContainerItemProxy section */
		2EBD2D442B608BDF0063EC7A /* PBXContainerItemProxy */ = {
			isa = PBXContainerItemProxy;
			containerPortal = 2EBD2D2A2B608BDC0063EC7A /* Project object */;
			proxyType = 1;
			remoteGlobalIDString = 2EBD2D412B608BDF0063EC7A;
			remoteInfo = "RemoteWellnessSupportApp Watch App";
		};
/* End PBXContainerItemProxy section */

/* Begin PBXCopyFilesBuildPhase section */
		2EBD2D552B608BE10063EC7A /* Embed Watch Content */ = {
			isa = PBXCopyFilesBuildPhase;
			buildActionMask = 2147483647;
			dstPath = "$(CONTENTS_FOLDER_PATH)/Watch";
			dstSubfolderSpec = 16;
			files = (
				2EBD2D432B608BDF0063EC7A /* RemoteWellnessSupportApp Watch App.app in Embed Watch Content */,
			);
			name = "Embed Watch Content";
			runOnlyForDeploymentPostprocessing = 0;
		};
/* End PBXCopyFilesBuildPhase section */

/* Begin PBXFileReference section */
		2EBD2D322B608BDC0063EC7A /* RemoteWellnessSupportApp.app */ = {isa = PBXFileReference; explicitFileType = wrapper.application; includeInIndex = 0; path = RemoteWellnessSupportApp.app; sourceTree = BUILT_PRODUCTS_DIR; };
		2EBD2D352B608BDC0063EC7A /* RemoteWellnessSupportApp.swift */ = {isa = PBXFileReference; lastKnownFileType = sourcecode.swift; path = RemoteWellnessSupportApp.swift; sourceTree = "<group>"; };
		2EBD2D372B608BDC0063EC7A /* ContentView.swift */ = {isa = PBXFileReference; lastKnownFileType = sourcecode.swift; path = ContentView.swift; sourceTree = "<group>"; };
		2EBD2D392B608BDF0063EC7A /* Assets.xcassets */ = {isa = PBXFileReference; lastKnownFileType = folder.assetcatalog; path = Assets.xcassets; sourceTree = "<group>"; };
		2EBD2D3C2B608BDF0063EC7A /* Preview Assets.xcassets */ = {isa = PBXFileReference; lastKnownFileType = folder.assetcatalog; path = "Preview Assets.xcassets"; sourceTree = "<group>"; };
		2EBD2D422B608BDF0063EC7A /* RemoteWellnessSupportApp Watch App.app */ = {isa = PBXFileReference; explicitFileType = wrapper.application; includeInIndex = 0; path = "RemoteWellnessSupportApp Watch App.app"; sourceTree = BUILT_PRODUCTS_DIR; };
		2EBD2D472B608BDF0063EC7A /* RemoteWellnessSupportApp.swift */ = {isa = PBXFileReference; lastKnownFileType = sourcecode.swift; path = RemoteWellnessSupportApp.swift; sourceTree = "<group>"; };
		2EBD2D492B608BDF0063EC7A /* ContentView.swift */ = {isa = PBXFileReference; lastKnownFileType = sourcecode.swift; path = ContentView.swift; sourceTree = "<group>"; };
		2EBD2D4B2B608BE10063EC7A /* Assets.xcassets */ = {isa = PBXFileReference; lastKnownFileType = folder.assetcatalog; path = Assets.xcassets; sourceTree = "<group>"; };
		2EBD2D4E2B608BE10063EC7A /* Preview Assets.xcassets */ = {isa = PBXFileReference; lastKnownFileType = folder.assetcatalog; path = "Preview Assets.xcassets"; sourceTree = "<group>"; };
/* End PBXFileReference section */

/* Begin PBXFrameworksBuildPhase section */
		2EBD2D2F2B608BDC0063EC7A /* Frameworks */ = {
			isa = PBXFrameworksBuildPhase;
			buildActionMask = 2147483647;
			files = (
			);
			runOnlyForDeploymentPostprocessing = 0;
		};
		2EBD2D3F2B608BDF0063EC7A /* Frameworks */ = {
			isa = PBXFrameworksBuildPhase;
			buildActionMask = 2147483647;
			files = (
			);
			runOnlyForDeploymentPostprocessing = 0;
		};
/* End PBXFrameworksBuildPhase section */

/* Begin PBXGroup section */
		2EBD2D292B608BDC0063EC7A = {
			isa = PBXGroup;
			children = (
				2EBD2D342B608BDC0063EC7A /* RemoteWellnessSupportApp */,
				2EBD2D462B608BDF0063EC7A /* RemoteWellnessSupportApp Watch App */,
				2EBD2D332B608BDC0063EC7A /* Products */,
			);
			sourceTree = "<group>";
		};
		2EBD2D332B608BDC0063EC7A /* Products */ = {
			isa = PBXGroup;
			children = (
				2EBD2D322B608BDC0063EC7A /* RemoteWellnessSupportApp.app */,
				2EBD2D422B608BDF0063EC7A /* RemoteWellnessSupportApp Watch App.app */,
			);
			name = Products;
			sourceTree = "<group>";
		};
		2EBD2D342B608BDC0063EC7A /* RemoteWellnessSupportApp */ = {
			isa = PBXGroup;
			children = (
				2EBD2D352B608BDC0063EC7A /* RemoteWellnessSupportApp.swift */,
				2EBD2D372B608BDC0063EC7A /* ContentView.swift */,
				2EBD2D392B608BDF0063EC7A /* Assets.xcassets */,
				2EBD2D3B2B608BDF0063EC7A /* Preview Content */,
			);
			path = RemoteWellnessSupportApp;
			sourceTree = "<group>";
		};
		2EBD2D3B2B608BDF0063EC7A /* Preview Content */ = {
			isa = PBXGroup;
			children = (
				2EBD2D3C2B608BDF0063EC7A /* Preview Assets.xcassets */,
			);
			path = "Preview Content";
			sourceTree = "<group>";
		};
		2EBD2D462B608BDF0063EC7A /* RemoteWellnessSupportApp Watch App */ = {
			isa = PBXGroup;
			children = (
				2EBD2D472B608BDF0063EC7A /* RemoteWellnessSupportApp.swift */,
				2EBD2D492B608BDF0063EC7A /* ContentView.swift */,
				2EBD2D4B2B608BE10063EC7A /* Assets.xcassets */,
				2EBD2D4D2B608BE10063EC7A /* Preview Content */,
			);
			path = "RemoteWellnessSupportApp Watch App";
			sourceTree = "<group>";
		};
		2EBD2D4D2B608BE10063EC7A /* Preview Content */ = {
			isa = PBXGroup;
			children = (
				2EBD2D4E2B608BE10063EC7A /* Preview Assets.xcassets */,
			);
			path = "Preview Content";
			sourceTree = "<group>";
		};
/* End PBXGroup section */

/* Begin PBXNativeTarget section */
		2EBD2D312B608BDC0063EC7A /* RemoteWellnessSupportApp */ = {
			isa = PBXNativeTarget;
			buildConfigurationList = 2EBD2D562B608BE10063EC7A /* Build configuration list for PBXNativeTarget "RemoteWellnessSupportApp" */;
			buildPhases = (
				2EBD2D2E2B608BDC0063EC7A /* Sources */,
				2EBD2D2F2B608BDC0063EC7A /* Frameworks */,
				2EBD2D302B608BDC0063EC7A /* Resources */,
				2EBD2D552B608BE10063EC7A /* Embed Watch Content */,
			);
			buildRules = (
			);
			dependencies = (
				2EE596A52B613FC3009C47BC /* PBXTargetDependency */,
				2EBD2D452B608BDF0063EC7A /* PBXTargetDependency */,
			);
			name = RemoteWellnessSupportApp;
			productName = RemoteWellnessSupportApp;
			productReference = 2EBD2D322B608BDC0063EC7A /* RemoteWellnessSupportApp.app */;
			productType = "com.apple.product-type.application";
		};
		2EBD2D412B608BDF0063EC7A /* RemoteWellnessSupportApp Watch App */ = {
			isa = PBXNativeTarget;
			buildConfigurationList = 2EBD2D522B608BE10063EC7A /* Build configuration list for PBXNativeTarget "RemoteWellnessSupportApp Watch App" */;
			buildPhases = (
				2EBD2D3E2B608BDF0063EC7A /* Sources */,
				2EBD2D3F2B608BDF0063EC7A /* Frameworks */,
				2EBD2D402B608BDF0063EC7A /* Resources */,
			);
			buildRules = (
			);
			dependencies = (
				2EE596A72B613FCD009C47BC /* PBXTargetDependency */,
			);
			name = "RemoteWellnessSupportApp Watch App";
			productName = "RemoteWellnessSupportApp Watch App";
			productReference = 2EBD2D422B608BDF0063EC7A /* RemoteWellnessSupportApp Watch App.app */;
			productType = "com.apple.product-type.application";
		};
/* End PBXNativeTarget section */

/* Begin PBXProject section */
		2EBD2D2A2B608BDC0063EC7A /* Project object */ = {
			isa = PBXProject;
			attributes = {
				BuildIndependentTargetsInParallel = 1;
				LastSwiftUpdateCheck = 1500;
				LastUpgradeCheck = 1500;
				TargetAttributes = {
					2EBD2D312B608BDC0063EC7A = {
						CreatedOnToolsVersion = 15.0.1;
					};
					2EBD2D412B608BDF0063EC7A = {
						CreatedOnToolsVersion = 15.0.1;
					};
				};
			};
			buildConfigurationList = 2EBD2D2D2B608BDC0063EC7A /* Build configuration list for PBXProject "RemoteWellnessSupportApp" */;
			compatibilityVersion = "Xcode 14.0";
			developmentRegion = en;
			hasScannedForEncodings = 0;
			knownRegions = (
				en,
				Base,
			);
			mainGroup = 2EBD2D292B608BDC0063EC7A;
			packageReferences = (
				2EE596A32B613F79009C47BC /* XCRemoteSwiftPackageReference "SwiftLint" */,
			);
			productRefGroup = 2EBD2D332B608BDC0063EC7A /* Products */;
			projectDirPath = "";
			projectRoot = "";
			targets = (
				2EBD2D312B608BDC0063EC7A /* RemoteWellnessSupportApp */,
				2EBD2D412B608BDF0063EC7A /* RemoteWellnessSupportApp Watch App */,
			);
		};
/* End PBXProject section */

/* Begin PBXResourcesBuildPhase section */
		2EBD2D302B608BDC0063EC7A /* Resources */ = {
			isa = PBXResourcesBuildPhase;
			buildActionMask = 2147483647;
			files = (
				2EBD2D3D2B608BDF0063EC7A /* Preview Assets.xcassets in Resources */,
				2EBD2D3A2B608BDF0063EC7A /* Assets.xcassets in Resources */,
			);
			runOnlyForDeploymentPostprocessing = 0;
		};
		2EBD2D402B608BDF0063EC7A /* Resources */ = {
			isa = PBXResourcesBuildPhase;
			buildActionMask = 2147483647;
			files = (
				2EBD2D4F2B608BE10063EC7A /* Preview Assets.xcassets in Resources */,
				2EBD2D4C2B608BE10063EC7A /* Assets.xcassets in Resources */,
			);
			runOnlyForDeploymentPostprocessing = 0;
		};
/* End PBXResourcesBuildPhase section */

/* Begin PBXSourcesBuildPhase section */
		2EBD2D2E2B608BDC0063EC7A /* Sources */ = {
			isa = PBXSourcesBuildPhase;
			buildActionMask = 2147483647;
			files = (
				2EBD2D382B608BDC0063EC7A /* ContentView.swift in Sources */,
				2EBD2D362B608BDC0063EC7A /* RemoteWellnessSupportApp.swift in Sources */,
			);
			runOnlyForDeploymentPostprocessing = 0;
		};
		2EBD2D3E2B608BDF0063EC7A /* Sources */ = {
			isa = PBXSourcesBuildPhase;
			buildActionMask = 2147483647;
			files = (
				2EBD2D4A2B608BDF0063EC7A /* ContentView.swift in Sources */,
				2EBD2D482B608BDF0063EC7A /* RemoteWellnessSupportApp.swift in Sources */,
			);
			runOnlyForDeploymentPostprocessing = 0;
		};
/* End PBXSourcesBuildPhase section */

/* Begin PBXTargetDependency section */
		2EBD2D452B608BDF0063EC7A /* PBXTargetDependency */ = {
			isa = PBXTargetDependency;
			target = 2EBD2D412B608BDF0063EC7A /* RemoteWellnessSupportApp Watch App */;
			targetProxy = 2EBD2D442B608BDF0063EC7A /* PBXContainerItemProxy */;
		};
		2EE596A52B613FC3009C47BC /* PBXTargetDependency */ = {
			isa = PBXTargetDependency;
			productRef = 2EE596A42B613FC3009C47BC /* SwiftLintPlugin */;
		};
		2EE596A72B613FCD009C47BC /* PBXTargetDependency */ = {
			isa = PBXTargetDependency;
			productRef = 2EE596A62B613FCD009C47BC /* SwiftLintPlugin */;
		};
/* End PBXTargetDependency section */

/* Begin XCBuildConfiguration section */
		2EBD2D502B608BE10063EC7A /* Debug */ = {
			isa = XCBuildConfiguration;
			buildSettings = {
				ALWAYS_SEARCH_USER_PATHS = NO;
				ASSETCATALOG_COMPILER_GENERATE_SWIFT_ASSET_SYMBOL_EXTENSIONS = YES;
				CLANG_ANALYZER_NONNULL = YES;
				CLANG_ANALYZER_NUMBER_OBJECT_CONVERSION = YES_AGGRESSIVE;
				CLANG_CXX_LANGUAGE_STANDARD = "gnu++20";
				CLANG_ENABLE_MODULES = YES;
				CLANG_ENABLE_OBJC_ARC = YES;
				CLANG_ENABLE_OBJC_WEAK = YES;
				CLANG_WARN_BLOCK_CAPTURE_AUTORELEASING = YES;
				CLANG_WARN_BOOL_CONVERSION = YES;
				CLANG_WARN_COMMA = YES;
				CLANG_WARN_CONSTANT_CONVERSION = YES;
				CLANG_WARN_DEPRECATED_OBJC_IMPLEMENTATIONS = YES;
				CLANG_WARN_DIRECT_OBJC_ISA_USAGE = YES_ERROR;
				CLANG_WARN_DOCUMENTATION_COMMENTS = YES;
				CLANG_WARN_EMPTY_BODY = YES;
				CLANG_WARN_ENUM_CONVERSION = YES;
				CLANG_WARN_INFINITE_RECURSION = YES;
				CLANG_WARN_INT_CONVERSION = YES;
				CLANG_WARN_NON_LITERAL_NULL_CONVERSION = YES;
				CLANG_WARN_OBJC_IMPLICIT_RETAIN_SELF = YES;
				CLANG_WARN_OBJC_LITERAL_CONVERSION = YES;
				CLANG_WARN_OBJC_ROOT_CLASS = YES_ERROR;
				CLANG_WARN_QUOTED_INCLUDE_IN_FRAMEWORK_HEADER = YES;
				CLANG_WARN_RANGE_LOOP_ANALYSIS = YES;
				CLANG_WARN_STRICT_PROTOTYPES = YES;
				CLANG_WARN_SUSPICIOUS_MOVE = YES;
				CLANG_WARN_UNGUARDED_AVAILABILITY = YES_AGGRESSIVE;
				CLANG_WARN_UNREACHABLE_CODE = YES;
				CLANG_WARN__DUPLICATE_METHOD_MATCH = YES;
				COPY_PHASE_STRIP = NO;
				DEBUG_INFORMATION_FORMAT = dwarf;
				ENABLE_STRICT_OBJC_MSGSEND = YES;
				ENABLE_TESTABILITY = YES;
				ENABLE_USER_SCRIPT_SANDBOXING = YES;
				GCC_C_LANGUAGE_STANDARD = gnu17;
				GCC_DYNAMIC_NO_PIC = NO;
				GCC_NO_COMMON_BLOCKS = YES;
				GCC_OPTIMIZATION_LEVEL = 0;
				GCC_PREPROCESSOR_DEFINITIONS = (
					"DEBUG=1",
					"$(inherited)",
				);
				GCC_WARN_64_TO_32_BIT_CONVERSION = YES;
				GCC_WARN_ABOUT_RETURN_TYPE = YES_ERROR;
				GCC_WARN_UNDECLARED_SELECTOR = YES;
				GCC_WARN_UNINITIALIZED_AUTOS = YES_AGGRESSIVE;
				GCC_WARN_UNUSED_FUNCTION = YES;
				GCC_WARN_UNUSED_VARIABLE = YES;
				LOCALIZATION_PREFERS_STRING_CATALOGS = YES;
				MTL_ENABLE_DEBUG_INFO = INCLUDE_SOURCE;
				MTL_FAST_MATH = YES;
				ONLY_ACTIVE_ARCH = YES;
				SWIFT_ACTIVE_COMPILATION_CONDITIONS = "DEBUG $(inherited)";
				SWIFT_OPTIMIZATION_LEVEL = "-Onone";
			};
			name = Debug;
		};
		2EBD2D512B608BE10063EC7A /* Release */ = {
			isa = XCBuildConfiguration;
			buildSettings = {
				ALWAYS_SEARCH_USER_PATHS = NO;
				ASSETCATALOG_COMPILER_GENERATE_SWIFT_ASSET_SYMBOL_EXTENSIONS = YES;
				CLANG_ANALYZER_NONNULL = YES;
				CLANG_ANALYZER_NUMBER_OBJECT_CONVERSION = YES_AGGRESSIVE;
				CLANG_CXX_LANGUAGE_STANDARD = "gnu++20";
				CLANG_ENABLE_MODULES = YES;
				CLANG_ENABLE_OBJC_ARC = YES;
				CLANG_ENABLE_OBJC_WEAK = YES;
				CLANG_WARN_BLOCK_CAPTURE_AUTORELEASING = YES;
				CLANG_WARN_BOOL_CONVERSION = YES;
				CLANG_WARN_COMMA = YES;
				CLANG_WARN_CONSTANT_CONVERSION = YES;
				CLANG_WARN_DEPRECATED_OBJC_IMPLEMENTATIONS = YES;
				CLANG_WARN_DIRECT_OBJC_ISA_USAGE = YES_ERROR;
				CLANG_WARN_DOCUMENTATION_COMMENTS = YES;
				CLANG_WARN_EMPTY_BODY = YES;
				CLANG_WARN_ENUM_CONVERSION = YES;
				CLANG_WARN_INFINITE_RECURSION = YES;
				CLANG_WARN_INT_CONVERSION = YES;
				CLANG_WARN_NON_LITERAL_NULL_CONVERSION = YES;
				CLANG_WARN_OBJC_IMPLICIT_RETAIN_SELF = YES;
				CLANG_WARN_OBJC_LITERAL_CONVERSION = YES;
				CLANG_WARN_OBJC_ROOT_CLASS = YES_ERROR;
				CLANG_WARN_QUOTED_INCLUDE_IN_FRAMEWORK_HEADER = YES;
				CLANG_WARN_RANGE_LOOP_ANALYSIS = YES;
				CLANG_WARN_STRICT_PROTOTYPES = YES;
				CLANG_WARN_SUSPICIOUS_MOVE = YES;
				CLANG_WARN_UNGUARDED_AVAILABILITY = YES_AGGRESSIVE;
				CLANG_WARN_UNREACHABLE_CODE = YES;
				CLANG_WARN__DUPLICATE_METHOD_MATCH = YES;
				COPY_PHASE_STRIP = NO;
				DEBUG_INFORMATION_FORMAT = "dwarf-with-dsym";
				ENABLE_NS_ASSERTIONS = NO;
				ENABLE_STRICT_OBJC_MSGSEND = YES;
				ENABLE_USER_SCRIPT_SANDBOXING = YES;
				GCC_C_LANGUAGE_STANDARD = gnu17;
				GCC_NO_COMMON_BLOCKS = YES;
				GCC_WARN_64_TO_32_BIT_CONVERSION = YES;
				GCC_WARN_ABOUT_RETURN_TYPE = YES_ERROR;
				GCC_WARN_UNDECLARED_SELECTOR = YES;
				GCC_WARN_UNINITIALIZED_AUTOS = YES_AGGRESSIVE;
				GCC_WARN_UNUSED_FUNCTION = YES;
				GCC_WARN_UNUSED_VARIABLE = YES;
				LOCALIZATION_PREFERS_STRING_CATALOGS = YES;
				MTL_ENABLE_DEBUG_INFO = NO;
				MTL_FAST_MATH = YES;
				SWIFT_COMPILATION_MODE = wholemodule;
			};
			name = Release;
		};
		2EBD2D532B608BE10063EC7A /* Debug */ = {
			isa = XCBuildConfiguration;
			buildSettings = {
				ASSETCATALOG_COMPILER_APPICON_NAME = AppIcon;
				ASSETCATALOG_COMPILER_GLOBAL_ACCENT_COLOR_NAME = AccentColor;
				CODE_SIGN_STYLE = Automatic;
				CURRENT_PROJECT_VERSION = 1;
				DEVELOPMENT_ASSET_PATHS = "\"RemoteWellnessSupportApp Watch App/Preview Content\"";
				ENABLE_PREVIEWS = YES;
				GENERATE_INFOPLIST_FILE = YES;
				INFOPLIST_KEY_CFBundleDisplayName = RemoteWellnessSupportApp;
				INFOPLIST_KEY_UISupportedInterfaceOrientations = "UIInterfaceOrientationPortrait UIInterfaceOrientationPortraitUpsideDown";
				INFOPLIST_KEY_WKCompanionAppBundleIdentifier = yuki.iwamoto.RemoteWellnessSupportApp;
				LD_RUNPATH_SEARCH_PATHS = (
					"$(inherited)",
					"@executable_path/Frameworks",
				);
				MARKETING_VERSION = 1.0;
				PRODUCT_BUNDLE_IDENTIFIER = yuki.iwamoto.RemoteWellnessSupportApp.watchkitapp;
				PRODUCT_NAME = "$(TARGET_NAME)";
				SDKROOT = watchos;
				SKIP_INSTALL = YES;
				SWIFT_EMIT_LOC_STRINGS = YES;
				SWIFT_VERSION = 5.0;
				TARGETED_DEVICE_FAMILY = 4;
				WATCHOS_DEPLOYMENT_TARGET = 10.0;
			};
			name = Debug;
		};
		2EBD2D542B608BE10063EC7A /* Release */ = {
			isa = XCBuildConfiguration;
			buildSettings = {
				ASSETCATALOG_COMPILER_APPICON_NAME = AppIcon;
				ASSETCATALOG_COMPILER_GLOBAL_ACCENT_COLOR_NAME = AccentColor;
				CODE_SIGN_STYLE = Automatic;
				CURRENT_PROJECT_VERSION = 1;
				DEVELOPMENT_ASSET_PATHS = "\"RemoteWellnessSupportApp Watch App/Preview Content\"";
				ENABLE_PREVIEWS = YES;
				GENERATE_INFOPLIST_FILE = YES;
				INFOPLIST_KEY_CFBundleDisplayName = RemoteWellnessSupportApp;
				INFOPLIST_KEY_UISupportedInterfaceOrientations = "UIInterfaceOrientationPortrait UIInterfaceOrientationPortraitUpsideDown";
				INFOPLIST_KEY_WKCompanionAppBundleIdentifier = yuki.iwamoto.RemoteWellnessSupportApp;
				LD_RUNPATH_SEARCH_PATHS = (
					"$(inherited)",
					"@executable_path/Frameworks",
				);
				MARKETING_VERSION = 1.0;
				PRODUCT_BUNDLE_IDENTIFIER = yuki.iwamoto.RemoteWellnessSupportApp.watchkitapp;
				PRODUCT_NAME = "$(TARGET_NAME)";
				SDKROOT = watchos;
				SKIP_INSTALL = YES;
				SWIFT_EMIT_LOC_STRINGS = YES;
				SWIFT_VERSION = 5.0;
				TARGETED_DEVICE_FAMILY = 4;
				VALIDATE_PRODUCT = YES;
				WATCHOS_DEPLOYMENT_TARGET = 10.0;
			};
			name = Release;
		};
		2EBD2D572B608BE10063EC7A /* Debug */ = {
			isa = XCBuildConfiguration;
			buildSettings = {
				ALWAYS_EMBED_SWIFT_STANDARD_LIBRARIES = YES;
				ASSETCATALOG_COMPILER_APPICON_NAME = AppIcon;
				ASSETCATALOG_COMPILER_GLOBAL_ACCENT_COLOR_NAME = AccentColor;
				CODE_SIGN_STYLE = Automatic;
				CURRENT_PROJECT_VERSION = 1;
				DEVELOPMENT_ASSET_PATHS = "\"RemoteWellnessSupportApp/Preview Content\"";
				ENABLE_PREVIEWS = YES;
				GENERATE_INFOPLIST_FILE = YES;
				INFOPLIST_KEY_CFBundleDisplayName = RemoteWellnessSupportApp;
				INFOPLIST_KEY_UIApplicationSceneManifest_Generation = YES;
				INFOPLIST_KEY_UIApplicationSupportsIndirectInputEvents = YES;
				INFOPLIST_KEY_UILaunchScreen_Generation = YES;
				INFOPLIST_KEY_UISupportedInterfaceOrientations_iPad = "UIInterfaceOrientationPortrait UIInterfaceOrientationPortraitUpsideDown UIInterfaceOrientationLandscapeLeft UIInterfaceOrientationLandscapeRight";
				INFOPLIST_KEY_UISupportedInterfaceOrientations_iPhone = "UIInterfaceOrientationPortrait UIInterfaceOrientationLandscapeLeft UIInterfaceOrientationLandscapeRight";
				IPHONEOS_DEPLOYMENT_TARGET = 17.0;
				LD_RUNPATH_SEARCH_PATHS = (
					"$(inherited)",
					"@executable_path/Frameworks",
				);
				MARKETING_VERSION = 1.0;
				PRODUCT_BUNDLE_IDENTIFIER = yuki.iwamoto.RemoteWellnessSupportApp;
				PRODUCT_NAME = "$(TARGET_NAME)";
				SDKROOT = iphoneos;
				SWIFT_EMIT_LOC_STRINGS = YES;
				SWIFT_VERSION = 5.0;
				TARGETED_DEVICE_FAMILY = "1,2";
			};
			name = Debug;
		};
		2EBD2D582B608BE10063EC7A /* Release */ = {
			isa = XCBuildConfiguration;
			buildSettings = {
				ALWAYS_EMBED_SWIFT_STANDARD_LIBRARIES = YES;
				ASSETCATALOG_COMPILER_APPICON_NAME = AppIcon;
				ASSETCATALOG_COMPILER_GLOBAL_ACCENT_COLOR_NAME = AccentColor;
				CODE_SIGN_STYLE = Automatic;
				CURRENT_PROJECT_VERSION = 1;
				DEVELOPMENT_ASSET_PATHS = "\"RemoteWellnessSupportApp/Preview Content\"";
				ENABLE_PREVIEWS = YES;
				GENERATE_INFOPLIST_FILE = YES;
				INFOPLIST_KEY_CFBundleDisplayName = RemoteWellnessSupportApp;
				INFOPLIST_KEY_UIApplicationSceneManifest_Generation = YES;
				INFOPLIST_KEY_UIApplicationSupportsIndirectInputEvents = YES;
				INFOPLIST_KEY_UILaunchScreen_Generation = YES;
				INFOPLIST_KEY_UISupportedInterfaceOrientations_iPad = "UIInterfaceOrientationPortrait UIInterfaceOrientationPortraitUpsideDown UIInterfaceOrientationLandscapeLeft UIInterfaceOrientationLandscapeRight";
				INFOPLIST_KEY_UISupportedInterfaceOrientations_iPhone = "UIInterfaceOrientationPortrait UIInterfaceOrientationLandscapeLeft UIInterfaceOrientationLandscapeRight";
				IPHONEOS_DEPLOYMENT_TARGET = 17.0;
				LD_RUNPATH_SEARCH_PATHS = (
					"$(inherited)",
					"@executable_path/Frameworks",
				);
				MARKETING_VERSION = 1.0;
				PRODUCT_BUNDLE_IDENTIFIER = yuki.iwamoto.RemoteWellnessSupportApp;
				PRODUCT_NAME = "$(TARGET_NAME)";
				SDKROOT = iphoneos;
				SWIFT_EMIT_LOC_STRINGS = YES;
				SWIFT_VERSION = 5.0;
				TARGETED_DEVICE_FAMILY = "1,2";
				VALIDATE_PRODUCT = YES;
			};
			name = Release;
		};
/* End XCBuildConfiguration section */

/* Begin XCConfigurationList section */
		2EBD2D2D2B608BDC0063EC7A /* Build configuration list for PBXProject "RemoteWellnessSupportApp" */ = {
			isa = XCConfigurationList;
			buildConfigurations = (
				2EBD2D502B608BE10063EC7A /* Debug */,
				2EBD2D512B608BE10063EC7A /* Release */,
			);
			defaultConfigurationIsVisible = 0;
			defaultConfigurationName = Release;
		};
		2EBD2D522B608BE10063EC7A /* Build configuration list for PBXNativeTarget "RemoteWellnessSupportApp Watch App" */ = {
			isa = XCConfigurationList;
			buildConfigurations = (
				2EBD2D532B608BE10063EC7A /* Debug */,
				2EBD2D542B608BE10063EC7A /* Release */,
			);
			defaultConfigurationIsVisible = 0;
			defaultConfigurationName = Release;
		};
		2EBD2D562B608BE10063EC7A /* Build configuration list for PBXNativeTarget "RemoteWellnessSupportApp" */ = {
			isa = XCConfigurationList;
			buildConfigurations = (
				2EBD2D572B608BE10063EC7A /* Debug */,
				2EBD2D582B608BE10063EC7A /* Release */,
			);
			defaultConfigurationIsVisible = 0;
			defaultConfigurationName = Release;
		};
/* End XCConfigurationList section */

/* Begin XCRemoteSwiftPackageReference section */
		2EE596A32B613F79009C47BC /* XCRemoteSwiftPackageReference "SwiftLint" */ = {
			isa = XCRemoteSwiftPackageReference;
			repositoryURL = "https://github.com/realm/SwiftLint";
			requirement = {
				kind = upToNextMajorVersion;
				minimumVersion = 0.54.0;
			};
		};
/* End XCRemoteSwiftPackageReference section */

/* Begin XCSwiftPackageProductDependency section */
		2EE596A42B613FC3009C47BC /* SwiftLintPlugin */ = {
			isa = XCSwiftPackageProductDependency;
			package = 2EE596A32B613F79009C47BC /* XCRemoteSwiftPackageReference "SwiftLint" */;
			productName = "plugin:SwiftLintPlugin";
		};
		2EE596A62B613FCD009C47BC /* SwiftLintPlugin */ = {
			isa = XCSwiftPackageProductDependency;
			package = 2EE596A32B613F79009C47BC /* XCRemoteSwiftPackageReference "SwiftLint" */;
			productName = "plugin:SwiftLintPlugin";
		};
/* End XCSwiftPackageProductDependency section */
	};
	rootObject = 2EBD2D2A2B608BDC0063EC7A /* Project object */;
}
